// !$*UTF8*$!
{
	archiveVersion = 1;
	classes = {
	};
	objectVersion = 56;
	objects = {

/* Begin PBXBuildFile section */
		221345E22F98BC6800CF734C /* corridorkey_mlx_bridge_512.mlxfn in Resources */ = {isa = PBXBuildFile; fileRef = 221345DC2F98BC6800CF734C /* corridorkey_mlx_bridge_512.mlxfn */; };
		221345E32F98BC6800CF734C /* corridorkey_mlx_bridge_1536.mlxfn in Resources */ = {isa = PBXBuildFile; fileRef = 221345DF2F98BC6800CF734C /* corridorkey_mlx_bridge_1536.mlxfn */; };
		221345E42F98BC6800CF734C /* corridorkey_mlx_bridge_768.mlxfn in Resources */ = {isa = PBXBuildFile; fileRef = 221345DD2F98BC6800CF734C /* corridorkey_mlx_bridge_768.mlxfn */; };
		221345E52F98BC6800CF734C /* corridorkey_mlx_bridge_1024.mlxfn in Resources */ = {isa = PBXBuildFile; fileRef = 221345DE2F98BC6800CF734C /* corridorkey_mlx_bridge_1024.mlxfn */; };
		221345E62F98BC6800CF734C /* corridorkey_mlx_bridge_2048.mlxfn in Resources */ = {isa = PBXBuildFile; fileRef = 221345E02F98BC6800CF734C /* corridorkey_mlx_bridge_2048.mlxfn */; };
		221345E82F99948900CF734C /* VFX Toolbox.icon in Resources */ = {isa = PBXBuildFile; fileRef = 221345E72F99948900CF734C /* VFX Toolbox.icon */; };
		22D097FF2F9887BD0096E749 /* Credits.rtf in Resources */ = {isa = PBXBuildFile; fileRef = 22D097FE2F9887BD0096E749 /* Credits.rtf */; };
		22D0980E2F988FB70096E749 /* Motion Template in Resources */ = {isa = PBXBuildFile; fileRef = 22D0980D2F988FB70096E749 /* Motion Template */; };
		CK0100000000000000000001 /* main.swift in Sources */ = {isa = PBXBuildFile; fileRef = CK0200000000000000000001 /* main.swift */; };
		CK0100000000000000000002 /* CorridorKeyToolboxPlugIn.swift in Sources */ = {isa = PBXBuildFile; fileRef = CK0200000000000000000002 /* CorridorKeyToolboxPlugIn.swift */; };
		CK0100000000000000000003 /* CorridorKeyToolboxPlugIn+Parameters.swift in Sources */ = {isa = PBXBuildFile; fileRef = CK0200000000000000000003 /* CorridorKeyToolboxPlugIn+Parameters.swift */; };
		CK0100000000000000000004 /* CorridorKeyToolboxPlugIn+PluginState.swift in Sources */ = {isa = PBXBuildFile; fileRef = CK0200000000000000000004 /* CorridorKeyToolboxPlugIn+PluginState.swift */; };
		CK0100000000000000000005 /* CorridorKeyToolboxPlugIn+Properties.swift in Sources */ = {isa = PBXBuildFile; fileRef = CK0200000000000000000005 /* CorridorKeyToolboxPlugIn+Properties.swift */; };
		CK0100000000000000000006 /* CorridorKeyToolboxPlugIn+RenderRects.swift in Sources */ = {isa = PBXBuildFile; fileRef = CK0200000000000000000006 /* CorridorKeyToolboxPlugIn+RenderRects.swift */; };
		CK0100000000000000000007 /* CorridorKeyToolboxPlugIn+Render.swift in Sources */ = {isa = PBXBuildFile; fileRef = CK0200000000000000000007 /* CorridorKeyToolboxPlugIn+Render.swift */; };
		CK0100000000000000000009 /* ParameterIdentifiers.swift in Sources */ = {isa = PBXBuildFile; fileRef = CK0200000000000000000009 /* ParameterIdentifiers.swift */; };
		CK010000000000000000000A /* ParameterEnumerations.swift in Sources */ = {isa = PBXBuildFile; fileRef = CK020000000000000000000A /* ParameterEnumerations.swift */; };
		CK010000000000000000000B /* PluginStateData.swift in Sources */ = {isa = PBXBuildFile; fileRef = CK020000000000000000000B /* PluginStateData.swift */; };
		CK010000000000000000000C /* MetalDeviceCache.swift in Sources */ = {isa = PBXBuildFile; fileRef = CK020000000000000000000C /* MetalDeviceCache.swift */; };
		CK010000000000000000000D /* CorridorKeyShaders.metal in Sources */ = {isa = PBXBuildFile; fileRef = CK020000000000000000000D /* CorridorKeyShaders.metal */; };
		CK010000000000000000000E /* ScreenColorEstimator.swift in Sources */ = {isa = PBXBuildFile; fileRef = CK020000000000000000000E /* ScreenColorEstimator.swift */; };
		CK010000000000000000000F /* KeyingInferenceEngine.swift in Sources */ = {isa = PBXBuildFile; fileRef = CK020000000000000000000F /* KeyingInferenceEngine.swift */; };
		CK0100000000000000000012 /* InferenceCoordinator.swift in Sources */ = {isa = PBXBuildFile; fileRef = CK0200000000000000000012 /* InferenceCoordinator.swift */; };
		CK0100000000000000000013 /* RenderPipeline.swift in Sources */ = {isa = PBXBuildFile; fileRef = CK0200000000000000000013 /* RenderPipeline.swift */; };
		CK0100000000000000000014 /* InfoPlist.strings in Resources */ = {isa = PBXBuildFile; fileRef = CK0200000000000000000014 /* InfoPlist.strings */; };
		CK0100000000000000000015 /* CorridorKeyToolboxApp.swift in Sources */ = {isa = PBXBuildFile; fileRef = CK0200000000000000000015 /* CorridorKeyToolboxApp.swift */; };
		CK0100000000000000000016 /* WelcomeView.swift in Sources */ = {isa = PBXBuildFile; fileRef = CK0200000000000000000016 /* WelcomeView.swift */; };
		CK0100000000000000000017 /* InfoPlist.strings in Resources */ = {isa = PBXBuildFile; fileRef = CK0200000000000000000017 /* InfoPlist.strings */; };
		CK0100000000000000000018 /* Corridor Key Toolbox Renderer.pluginkit in Embed PlugIns */ = {isa = PBXBuildFile; fileRef = CK0300000000000000000002 /* Corridor Key Toolbox Renderer.pluginkit */; settings = {ATTRIBUTES = (CodeSignOnCopy, RemoveHeadersOnCopy, ); }; };
		CK0100000000000000000019 /* FxPlug.framework in Frameworks */ = {isa = PBXBuildFile; fileRef = CK0400000000000000000001 /* FxPlug.framework */; };
		CK010000000000000000001A /* FxPlug.framework in Copy Frameworks */ = {isa = PBXBuildFile; fileRef = CK0400000000000000000001 /* FxPlug.framework */; settings = {ATTRIBUTES = (CodeSignOnCopy, RemoveHeadersOnCopy, ); }; };
		CK010000000000000000001B /* Cocoa.framework in Frameworks */ = {isa = PBXBuildFile; fileRef = CK0400000000000000000002 /* Cocoa.framework */; };
		CK010000000000000000001C /* Metal.framework in Frameworks */ = {isa = PBXBuildFile; fileRef = CK0400000000000000000003 /* Metal.framework */; };
		CK010000000000000000001D /* MetalKit.framework in Frameworks */ = {isa = PBXBuildFile; fileRef = CK0400000000000000000004 /* MetalKit.framework */; };
		CK010000000000000000001E /* MetalPerformanceShaders.framework in Frameworks */ = {isa = PBXBuildFile; fileRef = CK0400000000000000000005 /* MetalPerformanceShaders.framework */; };
		CK010000000000000000001F /* CoreImage.framework in Frameworks */ = {isa = PBXBuildFile; fileRef = CK0400000000000000000006 /* CoreImage.framework */; };
		CK0100000000000000000021 /* Accelerate.framework in Frameworks */ = {isa = PBXBuildFile; fileRef = CK0400000000000000000008 /* Accelerate.framework */; };
		CK010000000000000000002A /* MotionTemplateInstaller.swift in Sources */ = {isa = PBXBuildFile; fileRef = CK020000000000000000002A /* MotionTemplateInstaller.swift */; };
		CK0100000000000000000040 /* PluginLog.swift in Sources */ = {isa = PBXBuildFile; fileRef = CK0200000000000000000040 /* PluginLog.swift */; };
		CK0100000000000000000050 /* CorridorKeyToolboxPlugIn+FxAnalyzer.swift in Sources */ = {isa = PBXBuildFile; fileRef = CK0200000000000000000050 /* CorridorKeyToolboxPlugIn+FxAnalyzer.swift */; };
		CK0100000000000000000051 /* AnalysisData.swift in Sources */ = {isa = PBXBuildFile; fileRef = CK0200000000000000000051 /* AnalysisData.swift */; };
		CK0100000000000000000052 /* MatteCodec.swift in Sources */ = {isa = PBXBuildFile; fileRef = CK0200000000000000000052 /* MatteCodec.swift */; };
		CK0100000000000000000060 /* CorridorKeyToolboxPlugIn+CustomViews.swift in Sources */ = {isa = PBXBuildFile; fileRef = CK0200000000000000000060 /* CorridorKeyToolboxPlugIn+CustomViews.swift */; };
		CK0100000000000000000061 /* CorridorKeyInspectorBridge.swift in Sources */ = {isa = PBXBuildFile; fileRef = CK0200000000000000000061 /* CorridorKeyInspectorBridge.swift */; };
		CK0100000000000000000062 /* CorridorKeyHeaderView.swift in Sources */ = {isa = PBXBuildFile; fileRef = CK0200000000000000000062 /* CorridorKeyHeaderView.swift */; };
		CK0100000000000000000063 /* CorridorKeyAnalysisSnapshot.swift in Sources */ = {isa = PBXBuildFile; fileRef = CK0200000000000000000063 /* CorridorKeyAnalysisSnapshot.swift */; };
		CK0100000000000000000070 /* IntermediateTexturePool.swift in Sources */ = {isa = PBXBuildFile; fileRef = CK0200000000000000000070 /* IntermediateTexturePool.swift */; };
		CK0100000000000000000071 /* MatteRefiner.swift in Sources */ = {isa = PBXBuildFile; fileRef = CK0200000000000000000071 /* MatteRefiner.swift */; };
		CK0100000000000000000072 /* ColorGamutMatrix.swift in Sources */ = {isa = PBXBuildFile; fileRef = CK0200000000000000000072 /* ColorGamutMatrix.swift */; };
		CK0100000000000000000073 /* RenderStages.swift in Sources */ = {isa = PBXBuildFile; fileRef = CK0200000000000000000073 /* RenderStages.swift */; };
		CK0100000000000000000074 /* WarmupStatus.swift in Sources */ = {isa = PBXBuildFile; fileRef = CK0200000000000000000074 /* WarmupStatus.swift */; };
		CK0100000000000000000075 /* FxImageTilePixelFormat.swift in Sources */ = {isa = PBXBuildFile; fileRef = CK0200000000000000000075 /* FxImageTilePixelFormat.swift */; };
		CK0100000000000000000076 /* SharedMLXBridgeRegistry.swift in Sources */ = {isa = PBXBuildFile; fileRef = CK0200000000000000000076 /* SharedMLXBridgeRegistry.swift */; };
		CK0100000000000000000077 /* TemporalBlender.swift in Sources */ = {isa = PBXBuildFile; fileRef = CK0200000000000000000077 /* TemporalBlender.swift */; };
		DC0100000000000000000001 /* DeviceCapabilityCache.swift in Sources */ = {isa = PBXBuildFile; fileRef = DC0200000000000000000001 /* DeviceCapabilityCache.swift */; };
		HP0100000000000000000001 /* HintPointSet.swift in Sources */ = {isa = PBXBuildFile; fileRef = HP0200000000000000000001 /* HintPointSet.swift */; };
		MX0200000000000000000002 /* MLXKeyingEngine.swift in Sources */ = {isa = PBXBuildFile; fileRef = MX0100000000000000000003 /* MLXKeyingEngine.swift */; };
		MX0500000000000000000001 /* MLX in Frameworks */ = {isa = PBXBuildFile; productRef = MX0400000000000000000001 /* MLX */; };
		MX0500000000000000000002 /* MLXNN in Frameworks */ = {isa = PBXBuildFile; productRef = MX0400000000000000000002 /* MLXNN */; };
		OS0100000000000000000001 /* CorridorKeyHintOSC.swift in Sources */ = {isa = PBXBuildFile; fileRef = OS0200000000000000000001 /* CorridorKeyHintOSC.swift */; };
		VH0100000000000000000001 /* VisionHintEngine.swift in Sources */ = {isa = PBXBuildFile; fileRef = VH0200000000000000000001 /* VisionHintEngine.swift */; };
		SB0000000000000000000001 /* PixelBufferTextureBridge.swift in Sources */ = {isa = PBXBuildFile; fileRef = SR0000000000000000000001 /* PixelBufferTextureBridge.swift */; };
		SB0000000000000000000002 /* VideoSource.swift in Sources */ = {isa = PBXBuildFile; fileRef = SR0000000000000000000002 /* VideoSource.swift */; };
		SB0000000000000000000003 /* StandaloneRenderEngine.swift in Sources */ = {isa = PBXBuildFile; fileRef = SR0000000000000000000003 /* StandaloneRenderEngine.swift */; };
		SB0000000000000000000004 /* AnalysisRunner.swift in Sources */ = {isa = PBXBuildFile; fileRef = SR0000000000000000000004 /* AnalysisRunner.swift */; };
		SB0000000000000000000005 /* ProResExporter.swift in Sources */ = {isa = PBXBuildFile; fileRef = SR0000000000000000000005 /* ProResExporter.swift */; };
		SB0000000000000000000006 /* ParameterRanges.swift in Sources */ = {isa = PBXBuildFile; fileRef = SR0000000000000000000006 /* ParameterRanges.swift */; };
		SB0000000000000000000007 /* EditorViewModel.swift in Sources */ = {isa = PBXBuildFile; fileRef = SR0000000000000000000007 /* EditorViewModel.swift */; };
		SB0000000000000000000008 /* MetalPreviewView.swift in Sources */ = {isa = PBXBuildFile; fileRef = SR0000000000000000000008 /* MetalPreviewView.swift */; };
		SB0000000000000000000009 /* InspectorView.swift in Sources */ = {isa = PBXBuildFile; fileRef = SR0000000000000000000009 /* InspectorView.swift */; };
		SB000000000000000000000A /* TransportBar.swift in Sources */ = {isa = PBXBuildFile; fileRef = SR000000000000000000000A /* TransportBar.swift */; };
		SB000000000000000000000B /* ExportSheet.swift in Sources */ = {isa = PBXBuildFile; fileRef = SR000000000000000000000B /* ExportSheet.swift */; };
		SB000000000000000000000C /* EditorView.swift in Sources */ = {isa = PBXBuildFile; fileRef = SR000000000000000000000C /* EditorView.swift */; };
		SB000000000000000000000D /* RenderPipeline.swift in Sources */ = {isa = PBXBuildFile; fileRef = CK0200000000000000000013 /* RenderPipeline.swift */; };
		SB000000000000000000000E /* RenderStages.swift in Sources */ = {isa = PBXBuildFile; fileRef = CK0200000000000000000073 /* RenderStages.swift */; };
		SB000000000000000000000F /* MetalDeviceCache.swift in Sources */ = {isa = PBXBuildFile; fileRef = CK020000000000000000000C /* MetalDeviceCache.swift */; };
		SB0000000000000000000010 /* MatteRefiner.swift in Sources */ = {isa = PBXBuildFile; fileRef = CK0200000000000000000071 /* MatteRefiner.swift */; };
		SB0000000000000000000011 /* IntermediateTexturePool.swift in Sources */ = {isa = PBXBuildFile; fileRef = CK0200000000000000000070 /* IntermediateTexturePool.swift */; };
		SB0000000000000000000012 /* CorridorKeyShaders.metal in Sources */ = {isa = PBXBuildFile; fileRef = CK020000000000000000000D /* CorridorKeyShaders.metal */; };
		SB0000000000000000000013 /* AnalysisData.swift in Sources */ = {isa = PBXBuildFile; fileRef = CK0200000000000000000051 /* AnalysisData.swift */; };
		SB0000000000000000000014 /* SharedMLXBridgeRegistry.swift in Sources */ = {isa = PBXBuildFile; fileRef = CK0200000000000000000076 /* SharedMLXBridgeRegistry.swift */; };
		SB0000000000000000000015 /* MatteCodec.swift in Sources */ = {isa = PBXBuildFile; fileRef = CK0200000000000000000052 /* MatteCodec.swift */; };
		SB0000000000000000000016 /* KeyingInferenceEngine.swift in Sources */ = {isa = PBXBuildFile; fileRef = CK020000000000000000000F /* KeyingInferenceEngine.swift */; };
		SB0000000000000000000017 /* MLXKeyingEngine.swift in Sources */ = {isa = PBXBuildFile; fileRef = MX0100000000000000000003 /* MLXKeyingEngine.swift */; };
		SB0000000000000000000018 /* VisionHintEngine.swift in Sources */ = {isa = PBXBuildFile; fileRef = VH0200000000000000000001 /* VisionHintEngine.swift */; };
		SB0000000000000000000019 /* DeviceCapabilityCache.swift in Sources */ = {isa = PBXBuildFile; fileRef = DC0200000000000000000001 /* DeviceCapabilityCache.swift */; };
		SB000000000000000000001A /* InferenceCoordinator.swift in Sources */ = {isa = PBXBuildFile; fileRef = CK0200000000000000000012 /* InferenceCoordinator.swift */; };
		SB000000000000000000001B /* TemporalBlender.swift in Sources */ = {isa = PBXBuildFile; fileRef = CK0200000000000000000077 /* TemporalBlender.swift */; };
		SB000000000000000000001C /* ScreenColorEstimator.swift in Sources */ = {isa = PBXBuildFile; fileRef = CK020000000000000000000E /* ScreenColorEstimator.swift */; };
		SB000000000000000000001D /* ColorGamutMatrix.swift in Sources */ = {isa = PBXBuildFile; fileRef = CK0200000000000000000072 /* ColorGamutMatrix.swift */; };
		SB000000000000000000001E /* HintPointSet.swift in Sources */ = {isa = PBXBuildFile; fileRef = HP0200000000000000000001 /* HintPointSet.swift */; };
		SB000000000000000000001F /* WarmupStatus.swift in Sources */ = {isa = PBXBuildFile; fileRef = CK0200000000000000000074 /* WarmupStatus.swift */; };
		SB0000000000000000000020 /* CorridorKeyAnalysisSnapshot.swift in Sources */ = {isa = PBXBuildFile; fileRef = CK0200000000000000000063 /* CorridorKeyAnalysisSnapshot.swift */; };
		SB0000000000000000000021 /* ParameterEnumerations.swift in Sources */ = {isa = PBXBuildFile; fileRef = CK020000000000000000000A /* ParameterEnumerations.swift */; };
		SB0000000000000000000022 /* PluginStateData.swift in Sources */ = {isa = PBXBuildFile; fileRef = CK020000000000000000000B /* PluginStateData.swift */; };
		SB0000000000000000000023 /* PluginLog.swift in Sources */ = {isa = PBXBuildFile; fileRef = CK0200000000000000000040 /* PluginLog.swift */; };
		SB0000000000000000000024 /* Metal.framework in Frameworks */ = {isa = PBXBuildFile; fileRef = CK0400000000000000000003 /* Metal.framework */; };
		SB0000000000000000000025 /* MetalKit.framework in Frameworks */ = {isa = PBXBuildFile; fileRef = CK0400000000000000000004 /* MetalKit.framework */; };
		SB0000000000000000000026 /* MetalPerformanceShaders.framework in Frameworks */ = {isa = PBXBuildFile; fileRef = CK0400000000000000000005 /* MetalPerformanceShaders.framework */; };
		SB0000000000000000000027 /* CoreImage.framework in Frameworks */ = {isa = PBXBuildFile; fileRef = CK0400000000000000000006 /* CoreImage.framework */; };
		SB0000000000000000000028 /* Accelerate.framework in Frameworks */ = {isa = PBXBuildFile; fileRef = CK0400000000000000000008 /* Accelerate.framework */; };
		SB0000000000000000000029 /* AVFoundation.framework in Frameworks */ = {isa = PBXBuildFile; fileRef = SF0000000000000000000001 /* AVFoundation.framework */; };
		SB000000000000000000002A /* VideoToolbox.framework in Frameworks */ = {isa = PBXBuildFile; fileRef = SF0000000000000000000002 /* VideoToolbox.framework */; };
		SB000000000000000000002B /* Vision.framework in Frameworks */ = {isa = PBXBuildFile; fileRef = SF0000000000000000000003 /* Vision.framework */; };
		SB000000000000000000002C /* CoreMedia.framework in Frameworks */ = {isa = PBXBuildFile; fileRef = SF0000000000000000000004 /* CoreMedia.framework */; };
		SB000000000000000000002D /* CoreVideo.framework in Frameworks */ = {isa = PBXBuildFile; fileRef = SF0000000000000000000005 /* CoreVideo.framework */; };
		SB000000000000000000002E /* MLX in Frameworks */ = {isa = PBXBuildFile; productRef = SP0000000000000000000001 /* MLX */; };
		SB000000000000000000002F /* MLXNN in Frameworks */ = {isa = PBXBuildFile; productRef = SP0000000000000000000002 /* MLXNN */; };
				WB0000000000000000000002 /* SyntheticVideoFixture.swift in Sources */ = {isa = PBXBuildFile; fileRef = WR0000000000000000000002 /* SyntheticVideoFixture.swift */; };
		WB0000000000000000000003 /* PixelBufferTextureBridgeTests.swift in Sources */ = {isa = PBXBuildFile; fileRef = WR0000000000000000000003 /* PixelBufferTextureBridgeTests.swift */; };
		WB0000000000000000000004 /* VideoSourceTests.swift in Sources */ = {isa = PBXBuildFile; fileRef = WR0000000000000000000004 /* VideoSourceTests.swift */; };
		WB0000000000000000000005 /* StandaloneRenderEngineTests.swift in Sources */ = {isa = PBXBuildFile; fileRef = WR0000000000000000000005 /* StandaloneRenderEngineTests.swift */; };
		WB0000000000000000000006 /* AnalysisAndExportTests.swift in Sources */ = {isa = PBXBuildFile; fileRef = WR0000000000000000000006 /* AnalysisAndExportTests.swift */; };
		WB0000000000000000000007 /* EditorViewModelTests.swift in Sources */ = {isa = PBXBuildFile; fileRef = WR0000000000000000000007 /* EditorViewModelTests.swift */; };
				EB0000000000000000000001 /* RealClipFixture.swift in Sources */ = {isa = PBXBuildFile; fileRef = ER0000000000000000000001 /* RealClipFixture.swift */; };
		EB0000000000000000000002 /* NikoDruidEndToEndTests.swift in Sources */ = {isa = PBXBuildFile; fileRef = ER0000000000000000000002 /* NikoDruidEndToEndTests.swift */; };
				OS0400000000000000000001 /* OnScreenControlOverlay.swift in Sources */ = {isa = PBXBuildFile; fileRef = OS0300000000000000000001 /* OnScreenControlOverlay.swift */; };
				FT0400000000000000000001 /* FourFrameUserFlowTests.swift in Sources */ = {isa = PBXBuildFile; fileRef = FT0300000000000000000001 /* FourFrameUserFlowTests.swift */; };
		/* End PBXBuildFile section */

/* Begin PBXContainerItemProxy section */
		CK0500000000000000000001 /* PBXContainerItemProxy */ = {
			isa = PBXContainerItemProxy;
			containerPortal = CK0600000000000000000001 /* Project object */;
			proxyType = 1;
			remoteGlobalIDString = CK0700000000000000000002;
			remoteInfo = "Corridor Key Toolbox XPC";
		};
		WT0500000000000000000001 /* PBXContainerItemProxy */ = {
			isa = PBXContainerItemProxy;
			containerPortal = CK0600000000000000000001 /* Project object */;
			proxyType = 1;
			remoteGlobalIDString = CK0700000000000000000001;
			remoteInfo = "Corridor Key Toolbox";
		};
/* End PBXContainerItemProxy section */

/* Begin PBXCopyFilesBuildPhase section */
		CK0800000000000000000001 /* Embed PlugIns */ = {
			isa = PBXCopyFilesBuildPhase;
			buildActionMask = 2147483647;
			dstPath = "";
			dstSubfolderSpec = 13;
			files = (
				CK0100000000000000000018 /* Corridor Key Toolbox Renderer.pluginkit in Embed PlugIns */,
			);
			name = "Embed PlugIns";
			runOnlyForDeploymentPostprocessing = 0;
		};
		CK0800000000000000000002 /* Copy Frameworks */ = {
			isa = PBXCopyFilesBuildPhase;
			buildActionMask = 2147483647;
			dstPath = "";
			dstSubfolderSpec = 10;
			files = (
				CK010000000000000000001A /* FxPlug.framework in Copy Frameworks */,
			);
			name = "Copy Frameworks";
			runOnlyForDeploymentPostprocessing = 0;
		};
/* End PBXCopyFilesBuildPhase section */

/* Begin PBXFileReference section */
		221345DC2F98BC6800CF734C /* corridorkey_mlx_bridge_512.mlxfn */ = {isa = PBXFileReference; lastKnownFileType = file; path = corridorkey_mlx_bridge_512.mlxfn; sourceTree = "<group>"; };
		221345DD2F98BC6800CF734C /* corridorkey_mlx_bridge_768.mlxfn */ = {isa = PBXFileReference; lastKnownFileType = file; path = corridorkey_mlx_bridge_768.mlxfn; sourceTree = "<group>"; };
		221345DE2F98BC6800CF734C /* corridorkey_mlx_bridge_1024.mlxfn */ = {isa = PBXFileReference; lastKnownFileType = file; path = corridorkey_mlx_bridge_1024.mlxfn; sourceTree = "<group>"; };
		221345DF2F98BC6800CF734C /* corridorkey_mlx_bridge_1536.mlxfn */ = {isa = PBXFileReference; lastKnownFileType = file; path = corridorkey_mlx_bridge_1536.mlxfn; sourceTree = "<group>"; };
		221345E02F98BC6800CF734C /* corridorkey_mlx_bridge_2048.mlxfn */ = {isa = PBXFileReference; lastKnownFileType = file; path = corridorkey_mlx_bridge_2048.mlxfn; sourceTree = "<group>"; };
		221345E72F99948900CF734C /* VFX Toolbox.icon */ = {isa = PBXFileReference; lastKnownFileType = folder.iconcomposer.icon; name = "VFX Toolbox.icon"; path = "CorridorKeyToolbox/WrapperApp/VFX Toolbox.icon"; sourceTree = "<group>"; };
		22D097FE2F9887BD0096E749 /* Credits.rtf */ = {isa = PBXFileReference; lastKnownFileType = text.rtf; name = Credits.rtf; path = CorridorKeyToolbox/WrapperApp/Credits.rtf; sourceTree = "<group>"; };
		22D0980D2F988FB70096E749 /* Motion Template */ = {isa = PBXFileReference; lastKnownFileType = folder; name = "Motion Template"; path = "CorridorKeyToolbox/WrapperApp/Resources/Motion Template"; sourceTree = "<group>"; };
		CK0200000000000000000001 /* main.swift */ = {isa = PBXFileReference; lastKnownFileType = sourcecode.swift; name = main.swift; path = CorridorKeyToolbox/Plugin/main.swift; sourceTree = "<group>"; };
		CK0200000000000000000002 /* CorridorKeyToolboxPlugIn.swift */ = {isa = PBXFileReference; lastKnownFileType = sourcecode.swift; name = CorridorKeyToolboxPlugIn.swift; path = CorridorKeyToolbox/Plugin/CorridorKeyToolboxPlugIn.swift; sourceTree = "<group>"; };
		CK0200000000000000000003 /* CorridorKeyToolboxPlugIn+Parameters.swift */ = {isa = PBXFileReference; lastKnownFileType = sourcecode.swift; name = "CorridorKeyToolboxPlugIn+Parameters.swift"; path = "CorridorKeyToolbox/Plugin/Parameters/CorridorKeyToolboxPlugIn+Parameters.swift"; sourceTree = "<group>"; };
		CK0200000000000000000004 /* CorridorKeyToolboxPlugIn+PluginState.swift */ = {isa = PBXFileReference; lastKnownFileType = sourcecode.swift; name = "CorridorKeyToolboxPlugIn+PluginState.swift"; path = "CorridorKeyToolbox/Plugin/CorridorKeyToolboxPlugIn+PluginState.swift"; sourceTree = "<group>"; };
		CK0200000000000000000005 /* CorridorKeyToolboxPlugIn+Properties.swift */ = {isa = PBXFileReference; lastKnownFileType = sourcecode.swift; name = "CorridorKeyToolboxPlugIn+Properties.swift"; path = "CorridorKeyToolbox/Plugin/CorridorKeyToolboxPlugIn+Properties.swift"; sourceTree = "<group>"; };
		CK0200000000000000000006 /* CorridorKeyToolboxPlugIn+RenderRects.swift */ = {isa = PBXFileReference; lastKnownFileType = sourcecode.swift; name = "CorridorKeyToolboxPlugIn+RenderRects.swift"; path = "CorridorKeyToolbox/Plugin/CorridorKeyToolboxPlugIn+RenderRects.swift"; sourceTree = "<group>"; };
		CK0200000000000000000007 /* CorridorKeyToolboxPlugIn+Render.swift */ = {isa = PBXFileReference; lastKnownFileType = sourcecode.swift; name = "CorridorKeyToolboxPlugIn+Render.swift"; path = "CorridorKeyToolbox/Plugin/CorridorKeyToolboxPlugIn+Render.swift"; sourceTree = "<group>"; };
		CK0200000000000000000009 /* ParameterIdentifiers.swift */ = {isa = PBXFileReference; lastKnownFileType = sourcecode.swift; name = ParameterIdentifiers.swift; path = CorridorKeyToolbox/Plugin/Parameters/ParameterIdentifiers.swift; sourceTree = "<group>"; };
		CK020000000000000000000A /* ParameterEnumerations.swift */ = {isa = PBXFileReference; lastKnownFileType = sourcecode.swift; name = ParameterEnumerations.swift; path = CorridorKeyToolbox/Plugin/Parameters/ParameterEnumerations.swift; sourceTree = "<group>"; };
		CK020000000000000000000B /* PluginStateData.swift */ = {isa = PBXFileReference; lastKnownFileType = sourcecode.swift; name = PluginStateData.swift; path = CorridorKeyToolbox/Plugin/Parameters/PluginStateData.swift; sourceTree = "<group>"; };
		CK020000000000000000000C /* MetalDeviceCache.swift */ = {isa = PBXFileReference; lastKnownFileType = sourcecode.swift; name = MetalDeviceCache.swift; path = CorridorKeyToolbox/Plugin/Metal/MetalDeviceCache.swift; sourceTree = "<group>"; };
		CK020000000000000000000D /* CorridorKeyShaders.metal */ = {isa = PBXFileReference; lastKnownFileType = sourcecode.metal; name = CorridorKeyShaders.metal; path = CorridorKeyToolbox/Plugin/Metal/CorridorKeyShaders.metal; sourceTree = "<group>"; };
		CK020000000000000000000E /* ScreenColorEstimator.swift */ = {isa = PBXFileReference; lastKnownFileType = sourcecode.swift; name = ScreenColorEstimator.swift; path = CorridorKeyToolbox/Plugin/PostProcess/ScreenColorEstimator.swift; sourceTree = "<group>"; };
		CK020000000000000000000F /* KeyingInferenceEngine.swift */ = {isa = PBXFileReference; lastKnownFileType = sourcecode.swift; name = KeyingInferenceEngine.swift; path = CorridorKeyToolbox/Plugin/Inference/KeyingInferenceEngine.swift; sourceTree = "<group>"; };
		CK0200000000000000000012 /* InferenceCoordinator.swift */ = {isa = PBXFileReference; lastKnownFileType = sourcecode.swift; name = InferenceCoordinator.swift; path = CorridorKeyToolbox/Plugin/Inference/InferenceCoordinator.swift; sourceTree = "<group>"; };
		CK0200000000000000000013 /* RenderPipeline.swift */ = {isa = PBXFileReference; lastKnownFileType = sourcecode.swift; name = RenderPipeline.swift; path = CorridorKeyToolbox/Plugin/Render/RenderPipeline.swift; sourceTree = "<group>"; };
		CK0200000000000000000015 /* CorridorKeyToolboxApp.swift */ = {isa = PBXFileReference; lastKnownFileType = sourcecode.swift; name = CorridorKeyToolboxApp.swift; path = CorridorKeyToolbox/WrapperApp/CorridorKeyToolboxApp.swift; sourceTree = "<group>"; };
		CK0200000000000000000016 /* WelcomeView.swift */ = {isa = PBXFileReference; lastKnownFileType = sourcecode.swift; name = WelcomeView.swift; path = CorridorKeyToolbox/WrapperApp/WelcomeView.swift; sourceTree = "<group>"; };
		CK0200000000000000000020 /* Info.plist */ = {isa = PBXFileReference; lastKnownFileType = text.plist.xml; name = Info.plist; path = CorridorKeyToolbox/Plugin/Info.plist; sourceTree = "<group>"; };
		CK0200000000000000000021 /* Info.plist */ = {isa = PBXFileReference; lastKnownFileType = text.plist.xml; name = Info.plist; path = CorridorKeyToolbox/WrapperApp/Info.plist; sourceTree = "<group>"; };
		CK0200000000000000000022 /* CorridorKeyToolbox.entitlements */ = {isa = PBXFileReference; lastKnownFileType = text.plist.entitlements; name = CorridorKeyToolbox.entitlements; path = CorridorKeyToolbox/Plugin/CorridorKeyToolbox.entitlements; sourceTree = "<group>"; };
		CK0200000000000000000023 /* WrapperApp.entitlements */ = {isa = PBXFileReference; lastKnownFileType = text.plist.entitlements; name = WrapperApp.entitlements; path = CorridorKeyToolbox/WrapperApp/WrapperApp.entitlements; sourceTree = "<group>"; };
		CK0200000000000000000024 /* CorridorKeyShaderTypes.h */ = {isa = PBXFileReference; fileEncoding = 4; lastKnownFileType = sourcecode.c.h; name = CorridorKeyShaderTypes.h; path = CorridorKeyToolbox/Plugin/Shared/CorridorKeyShaderTypes.h; sourceTree = "<group>"; };
		CK0200000000000000000025 /* CorridorKeyToolbox-Bridging-Header.h */ = {isa = PBXFileReference; fileEncoding = 4; lastKnownFileType = sourcecode.c.h; name = "CorridorKeyToolbox-Bridging-Header.h"; path = "CorridorKeyToolbox/Plugin/Shared/CorridorKeyToolbox-Bridging-Header.h"; sourceTree = "<group>"; };
		CK0200000000000000000026 /* Shared.xcconfig */ = {isa = PBXFileReference; lastKnownFileType = text.xcconfig; name = Shared.xcconfig; path = Configuration/Shared.xcconfig; sourceTree = "<group>"; };
		CK020000000000000000002A /* MotionTemplateInstaller.swift */ = {isa = PBXFileReference; lastKnownFileType = sourcecode.swift; name = MotionTemplateInstaller.swift; path = CorridorKeyToolbox/WrapperApp/MotionTemplateInstaller.swift; sourceTree = "<group>"; };
		CK0200000000000000000030 /* en */ = {isa = PBXFileReference; lastKnownFileType = text.plist.strings; name = en; path = CorridorKeyToolbox/Plugin/Resources/en.lproj/InfoPlist.strings; sourceTree = "<group>"; };
		CK0200000000000000000031 /* en */ = {isa = PBXFileReference; lastKnownFileType = text.plist.strings; name = en; path = CorridorKeyToolbox/WrapperApp/en.lproj/InfoPlist.strings; sourceTree = "<group>"; };
		CK0200000000000000000040 /* PluginLog.swift */ = {isa = PBXFileReference; lastKnownFileType = sourcecode.swift; name = PluginLog.swift; path = CorridorKeyToolbox/Plugin/PluginLog.swift; sourceTree = "<group>"; };
		CK0200000000000000000050 /* CorridorKeyToolboxPlugIn+FxAnalyzer.swift */ = {isa = PBXFileReference; lastKnownFileType = sourcecode.swift; name = "CorridorKeyToolboxPlugIn+FxAnalyzer.swift"; path = "CorridorKeyToolbox/Plugin/CorridorKeyToolboxPlugIn+FxAnalyzer.swift"; sourceTree = "<group>"; };
		CK0200000000000000000051 /* AnalysisData.swift */ = {isa = PBXFileReference; lastKnownFileType = sourcecode.swift; name = AnalysisData.swift; path = CorridorKeyToolbox/Plugin/Inference/AnalysisData.swift; sourceTree = "<group>"; };
		CK0200000000000000000052 /* MatteCodec.swift */ = {isa = PBXFileReference; lastKnownFileType = sourcecode.swift; name = MatteCodec.swift; path = CorridorKeyToolbox/Plugin/Inference/MatteCodec.swift; sourceTree = "<group>"; };
		CK0200000000000000000060 /* CorridorKeyToolboxPlugIn+CustomViews.swift */ = {isa = PBXFileReference; lastKnownFileType = sourcecode.swift; name = "CorridorKeyToolboxPlugIn+CustomViews.swift"; path = "CorridorKeyToolbox/Plugin/Inspector/CorridorKeyToolboxPlugIn+CustomViews.swift"; sourceTree = "<group>"; };
		CK0200000000000000000061 /* CorridorKeyInspectorBridge.swift */ = {isa = PBXFileReference; lastKnownFileType = sourcecode.swift; name = CorridorKeyInspectorBridge.swift; path = CorridorKeyToolbox/Plugin/Inspector/CorridorKeyInspectorBridge.swift; sourceTree = "<group>"; };
		CK0200000000000000000062 /* CorridorKeyHeaderView.swift */ = {isa = PBXFileReference; lastKnownFileType = sourcecode.swift; name = CorridorKeyHeaderView.swift; path = CorridorKeyToolbox/Plugin/Inspector/CorridorKeyHeaderView.swift; sourceTree = "<group>"; };
		CK0200000000000000000063 /* CorridorKeyAnalysisSnapshot.swift */ = {isa = PBXFileReference; lastKnownFileType = sourcecode.swift; name = CorridorKeyAnalysisSnapshot.swift; path = CorridorKeyToolbox/Plugin/Inspector/CorridorKeyAnalysisSnapshot.swift; sourceTree = "<group>"; };
		CK0200000000000000000070 /* IntermediateTexturePool.swift */ = {isa = PBXFileReference; lastKnownFileType = sourcecode.swift; name = IntermediateTexturePool.swift; path = CorridorKeyToolbox/Plugin/Metal/IntermediateTexturePool.swift; sourceTree = "<group>"; };
		CK0200000000000000000071 /* MatteRefiner.swift */ = {isa = PBXFileReference; lastKnownFileType = sourcecode.swift; name = MatteRefiner.swift; path = CorridorKeyToolbox/Plugin/Metal/MatteRefiner.swift; sourceTree = "<group>"; };
		CK0200000000000000000072 /* ColorGamutMatrix.swift */ = {isa = PBXFileReference; lastKnownFileType = sourcecode.swift; name = ColorGamutMatrix.swift; path = CorridorKeyToolbox/Plugin/PostProcess/ColorGamutMatrix.swift; sourceTree = "<group>"; };
		CK0200000000000000000073 /* RenderStages.swift */ = {isa = PBXFileReference; lastKnownFileType = sourcecode.swift; name = RenderStages.swift; path = CorridorKeyToolbox/Plugin/Render/RenderStages.swift; sourceTree = "<group>"; };
		CK0200000000000000000074 /* WarmupStatus.swift */ = {isa = PBXFileReference; lastKnownFileType = sourcecode.swift; name = WarmupStatus.swift; path = CorridorKeyToolbox/Plugin/Inspector/WarmupStatus.swift; sourceTree = "<group>"; };
		CK0200000000000000000075 /* FxImageTilePixelFormat.swift */ = {isa = PBXFileReference; lastKnownFileType = sourcecode.swift; name = FxImageTilePixelFormat.swift; path = CorridorKeyToolbox/Plugin/Metal/FxImageTilePixelFormat.swift; sourceTree = "<group>"; };
		CK0200000000000000000076 /* SharedMLXBridgeRegistry.swift */ = {isa = PBXFileReference; lastKnownFileType = sourcecode.swift; name = SharedMLXBridgeRegistry.swift; path = CorridorKeyToolbox/Plugin/Inference/SharedMLXBridgeRegistry.swift; sourceTree = "<group>"; };
		CK0200000000000000000077 /* TemporalBlender.swift */ = {isa = PBXFileReference; lastKnownFileType = sourcecode.swift; name = TemporalBlender.swift; path = CorridorKeyToolbox/Plugin/PostProcess/TemporalBlender.swift; sourceTree = "<group>"; };
		CK0300000000000000000001 /* Corridor Key Toolbox.app */ = {isa = PBXFileReference; explicitFileType = wrapper.application; includeInIndex = 0; path = "Corridor Key Toolbox.app"; sourceTree = BUILT_PRODUCTS_DIR; };
		CK0300000000000000000002 /* Corridor Key Toolbox Renderer.pluginkit */ = {isa = PBXFileReference; explicitFileType = wrapper.cfbundle; includeInIndex = 0; path = "Corridor Key Toolbox Renderer.pluginkit"; sourceTree = BUILT_PRODUCTS_DIR; };
		CK0400000000000000000001 /* FxPlug.framework */ = {isa = PBXFileReference; lastKnownFileType = wrapper.framework; name = FxPlug.framework; path = /Library/Developer/Frameworks/FxPlug.framework; sourceTree = "<absolute>"; };
		CK0400000000000000000002 /* Cocoa.framework */ = {isa = PBXFileReference; lastKnownFileType = wrapper.framework; name = Cocoa.framework; path = System/Library/Frameworks/Cocoa.framework; sourceTree = SDKROOT; };
		CK0400000000000000000003 /* Metal.framework */ = {isa = PBXFileReference; lastKnownFileType = wrapper.framework; name = Metal.framework; path = System/Library/Frameworks/Metal.framework; sourceTree = SDKROOT; };
		CK0400000000000000000004 /* MetalKit.framework */ = {isa = PBXFileReference; lastKnownFileType = wrapper.framework; name = MetalKit.framework; path = System/Library/Frameworks/MetalKit.framework; sourceTree = SDKROOT; };
		CK0400000000000000000005 /* MetalPerformanceShaders.framework */ = {isa = PBXFileReference; lastKnownFileType = wrapper.framework; name = MetalPerformanceShaders.framework; path = System/Library/Frameworks/MetalPerformanceShaders.framework; sourceTree = SDKROOT; };
		CK0400000000000000000006 /* CoreImage.framework */ = {isa = PBXFileReference; lastKnownFileType = wrapper.framework; name = CoreImage.framework; path = System/Library/Frameworks/CoreImage.framework; sourceTree = SDKROOT; };
		CK0400000000000000000008 /* Accelerate.framework */ = {isa = PBXFileReference; lastKnownFileType = wrapper.framework; name = Accelerate.framework; path = System/Library/Frameworks/Accelerate.framework; sourceTree = SDKROOT; };
		CK0400000000000000000009 /* PluginManager.framework */ = {isa = PBXFileReference; lastKnownFileType = wrapper.framework; name = PluginManager.framework; path = /Library/Developer/Frameworks/PluginManager.framework; sourceTree = "<absolute>"; };
		DC0200000000000000000001 /* DeviceCapabilityCache.swift */ = {isa = PBXFileReference; lastKnownFileType = sourcecode.swift; name = DeviceCapabilityCache.swift; path = CorridorKeyToolbox/Plugin/Inference/DeviceCapabilityCache.swift; sourceTree = "<group>"; };
		HP0200000000000000000001 /* HintPointSet.swift */ = {isa = PBXFileReference; lastKnownFileType = sourcecode.swift; name = HintPointSet.swift; path = CorridorKeyToolbox/Plugin/Inspector/HintPointSet.swift; sourceTree = "<group>"; };
		MX0100000000000000000003 /* MLXKeyingEngine.swift */ = {isa = PBXFileReference; lastKnownFileType = sourcecode.swift; name = MLXKeyingEngine.swift; path = CorridorKeyToolbox/Plugin/Inference/MLXKeyingEngine.swift; sourceTree = "<group>"; };
		OS0200000000000000000001 /* CorridorKeyHintOSC.swift */ = {isa = PBXFileReference; lastKnownFileType = sourcecode.swift; name = CorridorKeyHintOSC.swift; path = CorridorKeyToolbox/Plugin/Inspector/CorridorKeyHintOSC.swift; sourceTree = "<group>"; };
		VH0200000000000000000001 /* VisionHintEngine.swift */ = {isa = PBXFileReference; lastKnownFileType = sourcecode.swift; name = VisionHintEngine.swift; path = CorridorKeyToolbox/Plugin/Inference/VisionHintEngine.swift; sourceTree = "<group>"; };
		SR0000000000000000000001 /* PixelBufferTextureBridge.swift */ = {isa = PBXFileReference; lastKnownFileType = sourcecode.swift; name = PixelBufferTextureBridge.swift; path = "CorridorKeyToolbox/WrapperApp/Standalone/Engine/PixelBufferTextureBridge.swift"; sourceTree = "<group>"; };
		SR0000000000000000000002 /* VideoSource.swift */ = {isa = PBXFileReference; lastKnownFileType = sourcecode.swift; name = VideoSource.swift; path = "CorridorKeyToolbox/WrapperApp/Standalone/Engine/VideoSource.swift"; sourceTree = "<group>"; };
		SR0000000000000000000003 /* StandaloneRenderEngine.swift */ = {isa = PBXFileReference; lastKnownFileType = sourcecode.swift; name = StandaloneRenderEngine.swift; path = "CorridorKeyToolbox/WrapperApp/Standalone/Engine/StandaloneRenderEngine.swift"; sourceTree = "<group>"; };
		SR0000000000000000000004 /* AnalysisRunner.swift */ = {isa = PBXFileReference; lastKnownFileType = sourcecode.swift; name = AnalysisRunner.swift; path = "CorridorKeyToolbox/WrapperApp/Standalone/Engine/AnalysisRunner.swift"; sourceTree = "<group>"; };
		SR0000000000000000000005 /* ProResExporter.swift */ = {isa = PBXFileReference; lastKnownFileType = sourcecode.swift; name = ProResExporter.swift; path = "CorridorKeyToolbox/WrapperApp/Standalone/Engine/ProResExporter.swift"; sourceTree = "<group>"; };
		SR0000000000000000000006 /* ParameterRanges.swift */ = {isa = PBXFileReference; lastKnownFileType = sourcecode.swift; name = ParameterRanges.swift; path = "CorridorKeyToolbox/WrapperApp/Standalone/Model/ParameterRanges.swift"; sourceTree = "<group>"; };
		SR0000000000000000000007 /* EditorViewModel.swift */ = {isa = PBXFileReference; lastKnownFileType = sourcecode.swift; name = EditorViewModel.swift; path = "CorridorKeyToolbox/WrapperApp/Standalone/Model/EditorViewModel.swift"; sourceTree = "<group>"; };
		SR0000000000000000000008 /* MetalPreviewView.swift */ = {isa = PBXFileReference; lastKnownFileType = sourcecode.swift; name = MetalPreviewView.swift; path = "CorridorKeyToolbox/WrapperApp/Standalone/Views/MetalPreviewView.swift"; sourceTree = "<group>"; };
		SR0000000000000000000009 /* InspectorView.swift */ = {isa = PBXFileReference; lastKnownFileType = sourcecode.swift; name = InspectorView.swift; path = "CorridorKeyToolbox/WrapperApp/Standalone/Views/InspectorView.swift"; sourceTree = "<group>"; };
		SR000000000000000000000A /* TransportBar.swift */ = {isa = PBXFileReference; lastKnownFileType = sourcecode.swift; name = TransportBar.swift; path = "CorridorKeyToolbox/WrapperApp/Standalone/Views/TransportBar.swift"; sourceTree = "<group>"; };
		SR000000000000000000000B /* ExportSheet.swift */ = {isa = PBXFileReference; lastKnownFileType = sourcecode.swift; name = ExportSheet.swift; path = "CorridorKeyToolbox/WrapperApp/Standalone/Views/ExportSheet.swift"; sourceTree = "<group>"; };
		SR000000000000000000000C /* EditorView.swift */ = {isa = PBXFileReference; lastKnownFileType = sourcecode.swift; name = EditorView.swift; path = "CorridorKeyToolbox/WrapperApp/Standalone/Views/EditorView.swift"; sourceTree = "<group>"; };
		SF0000000000000000000001 /* AVFoundation.framework */ = {isa = PBXFileReference; lastKnownFileType = wrapper.framework; name = AVFoundation.framework; path = System/Library/Frameworks/AVFoundation.framework; sourceTree = SDKROOT; };
		SF0000000000000000000002 /* VideoToolbox.framework */ = {isa = PBXFileReference; lastKnownFileType = wrapper.framework; name = VideoToolbox.framework; path = System/Library/Frameworks/VideoToolbox.framework; sourceTree = SDKROOT; };
		SF0000000000000000000003 /* Vision.framework */ = {isa = PBXFileReference; lastKnownFileType = wrapper.framework; name = Vision.framework; path = System/Library/Frameworks/Vision.framework; sourceTree = SDKROOT; };
		SF0000000000000000000004 /* CoreMedia.framework */ = {isa = PBXFileReference; lastKnownFileType = wrapper.framework; name = CoreMedia.framework; path = System/Library/Frameworks/CoreMedia.framework; sourceTree = SDKROOT; };
		SF0000000000000000000005 /* CoreVideo.framework */ = {isa = PBXFileReference; lastKnownFileType = wrapper.framework; name = CoreVideo.framework; path = System/Library/Frameworks/CoreVideo.framework; sourceTree = SDKROOT; };
				WR0000000000000000000002 /* SyntheticVideoFixture.swift */ = {isa = PBXFileReference; lastKnownFileType = sourcecode.swift; name = SyntheticVideoFixture.swift; path = "Tests/WrapperAppTests/SyntheticVideoFixture.swift"; sourceTree = "<group>"; };
		WR0000000000000000000003 /* PixelBufferTextureBridgeTests.swift */ = {isa = PBXFileReference; lastKnownFileType = sourcecode.swift; name = PixelBufferTextureBridgeTests.swift; path = "Tests/WrapperAppTests/PixelBufferTextureBridgeTests.swift"; sourceTree = "<group>"; };
		WR0000000000000000000004 /* VideoSourceTests.swift */ = {isa = PBXFileReference; lastKnownFileType = sourcecode.swift; name = VideoSourceTests.swift; path = "Tests/WrapperAppTests/VideoSourceTests.swift"; sourceTree = "<group>"; };
		WR0000000000000000000005 /* StandaloneRenderEngineTests.swift */ = {isa = PBXFileReference; lastKnownFileType = sourcecode.swift; name = StandaloneRenderEngineTests.swift; path = "Tests/WrapperAppTests/StandaloneRenderEngineTests.swift"; sourceTree = "<group>"; };
		WR0000000000000000000006 /* AnalysisAndExportTests.swift */ = {isa = PBXFileReference; lastKnownFileType = sourcecode.swift; name = AnalysisAndExportTests.swift; path = "Tests/WrapperAppTests/AnalysisAndExportTests.swift"; sourceTree = "<group>"; };
		WR0000000000000000000007 /* EditorViewModelTests.swift */ = {isa = PBXFileReference; lastKnownFileType = sourcecode.swift; name = EditorViewModelTests.swift; path = "Tests/WrapperAppTests/EditorViewModelTests.swift"; sourceTree = "<group>"; };
		WT0300000000000000000001 /* WrapperAppTests.xctest */ = {isa = PBXFileReference; explicitFileType = wrapper.cfbundle; includeInIndex = 0; path = WrapperAppTests.xctest; sourceTree = BUILT_PRODUCTS_DIR; };
				ER0000000000000000000001 /* RealClipFixture.swift */ = {isa = PBXFileReference; lastKnownFileType = sourcecode.swift; name = RealClipFixture.swift; path = "Tests/WrapperAppTests/RealClipFixture.swift"; sourceTree = "<group>"; };
		ER0000000000000000000002 /* NikoDruidEndToEndTests.swift */ = {isa = PBXFileReference; lastKnownFileType = sourcecode.swift; name = NikoDruidEndToEndTests.swift; path = "Tests/WrapperAppTests/NikoDruidEndToEndTests.swift"; sourceTree = "<group>"; };
				OS0300000000000000000001 /* OnScreenControlOverlay.swift */ = {isa = PBXFileReference; lastKnownFileType = sourcecode.swift; name = OnScreenControlOverlay.swift; path = "CorridorKeyToolbox/WrapperApp/Standalone/Views/OnScreenControlOverlay.swift"; sourceTree = "<group>"; };
				FT0300000000000000000001 /* FourFrameUserFlowTests.swift */ = {isa = PBXFileReference; lastKnownFileType = sourcecode.swift; name = FourFrameUserFlowTests.swift; path = "Tests/WrapperAppTests/FourFrameUserFlowTests.swift"; sourceTree = "<group>"; };
		/* End PBXFileReference section */

/* Begin PBXFrameworksBuildPhase section */
		CK0900000000000000000001 /* Frameworks */ = {
			isa = PBXFrameworksBuildPhase;
			buildActionMask = 2147483647;
			files = (
				SB0000000000000000000024 /* Metal.framework in Frameworks */,
				SB0000000000000000000025 /* MetalKit.framework in Frameworks */,
				SB0000000000000000000026 /* MetalPerformanceShaders.framework in Frameworks */,
				SB0000000000000000000027 /* CoreImage.framework in Frameworks */,
				SB0000000000000000000028 /* Accelerate.framework in Frameworks */,
				SB0000000000000000000029 /* AVFoundation.framework in Frameworks */,
				SB000000000000000000002A /* VideoToolbox.framework in Frameworks */,
				SB000000000000000000002B /* Vision.framework in Frameworks */,
				SB000000000000000000002C /* CoreMedia.framework in Frameworks */,
				SB000000000000000000002D /* CoreVideo.framework in Frameworks */,
				SB000000000000000000002E /* MLX in Frameworks */,
				SB000000000000000000002F /* MLXNN in Frameworks */,
				CK010000000000000000001B /* Cocoa.framework in Frameworks */,
			);
			runOnlyForDeploymentPostprocessing = 0;
		};
		CK0900000000000000000002 /* Frameworks */ = {
			isa = PBXFrameworksBuildPhase;
			buildActionMask = 2147483647;
			files = (
				CK0100000000000000000019 /* FxPlug.framework in Frameworks */,
				CK010000000000000000001C /* Metal.framework in Frameworks */,
				CK010000000000000000001D /* MetalKit.framework in Frameworks */,
				CK010000000000000000001E /* MetalPerformanceShaders.framework in Frameworks */,
				CK010000000000000000001F /* CoreImage.framework in Frameworks */,
				CK0100000000000000000021 /* Accelerate.framework in Frameworks */,
				MX0500000000000000000001 /* MLX in Frameworks */,
				MX0500000000000000000002 /* MLXNN in Frameworks */,
			);
			runOnlyForDeploymentPostprocessing = 0;
		};
		WT0900000000000000000001 /* Frameworks */ = {
			isa = PBXFrameworksBuildPhase;
			buildActionMask = 2147483647;
			files = (
			);
			runOnlyForDeploymentPostprocessing = 0;
		};
/* End PBXFrameworksBuildPhase section */

/* Begin PBXGroup section */
		221345E12F98BC6800CF734C /* MLX Models */ = {
			isa = PBXGroup;
			children = (
				221345DC2F98BC6800CF734C /* corridorkey_mlx_bridge_512.mlxfn */,
				221345DD2F98BC6800CF734C /* corridorkey_mlx_bridge_768.mlxfn */,
				221345DE2F98BC6800CF734C /* corridorkey_mlx_bridge_1024.mlxfn */,
				221345DF2F98BC6800CF734C /* corridorkey_mlx_bridge_1536.mlxfn */,
				221345E02F98BC6800CF734C /* corridorkey_mlx_bridge_2048.mlxfn */,
			);
			name = "MLX Models";
			path = "CorridorKeyToolbox/Plugin/Resources/MLX Models";
			sourceTree = "<group>";
		};
		CK0A00000000000000000001 = {
			isa = PBXGroup;
			children = (
				22D0980D2F988FB70096E749 /* Motion Template */,
				CK0A00000000000000000010 /* Configuration */,
				CK0A00000000000000000002 /* CorridorKeyToolbox */,
				CK0A00000000000000000008 /* Frameworks */,
				WT0A00000000000000000001 /* WrapperAppTests */,
			CK0A00000000000000000009 /* Products */,
			);
			sourceTree = "<group>";
		};
		CK0A00000000000000000002 /* CorridorKeyToolbox */ = {
			isa = PBXGroup;
			children = (
				CK0A00000000000000000003 /* Plugin */,
				CK0A00000000000000000007 /* WrapperApp */,
			);
			name = CorridorKeyToolbox;
			sourceTree = "<group>";
		};
		CK0A00000000000000000003 /* Plugin */ = {
			isa = PBXGroup;
			children = (
				CK0200000000000000000001 /* main.swift */,
				CK0200000000000000000002 /* CorridorKeyToolboxPlugIn.swift */,
				CK0200000000000000000004 /* CorridorKeyToolboxPlugIn+PluginState.swift */,
				CK0200000000000000000005 /* CorridorKeyToolboxPlugIn+Properties.swift */,
				CK0200000000000000000006 /* CorridorKeyToolboxPlugIn+RenderRects.swift */,
				CK0200000000000000000007 /* CorridorKeyToolboxPlugIn+Render.swift */,
				CK0200000000000000000050 /* CorridorKeyToolboxPlugIn+FxAnalyzer.swift */,
				CK0200000000000000000040 /* PluginLog.swift */,
				CK0A00000000000000000004 /* Parameters */,
				CK0A00000000000000000005 /* Render */,
				CK0A0000000000000000000A /* Inference */,
				CK0A00000000000000000020 /* Inspector */,
				CK0A0000000000000000000B /* Metal */,
				CK0A0000000000000000000C /* PostProcess */,
				CK0A0000000000000000000D /* Shared */,
				CK0200000000000000000020 /* Info.plist */,
				CK0200000000000000000022 /* CorridorKeyToolbox.entitlements */,
				CK0200000000000000000014 /* InfoPlist.strings */,
			);
			name = Plugin;
			sourceTree = "<group>";
		};
		CK0A00000000000000000004 /* Parameters */ = {
			isa = PBXGroup;
			children = (
				CK0200000000000000000003 /* CorridorKeyToolboxPlugIn+Parameters.swift */,
				CK0200000000000000000009 /* ParameterIdentifiers.swift */,
				CK020000000000000000000A /* ParameterEnumerations.swift */,
				CK020000000000000000000B /* PluginStateData.swift */,
			);
			name = Parameters;
			sourceTree = "<group>";
		};
		CK0A00000000000000000005 /* Render */ = {
			isa = PBXGroup;
			children = (
				CK0200000000000000000013 /* RenderPipeline.swift */,
				CK0200000000000000000073 /* RenderStages.swift */,
			);
			name = Render;
			sourceTree = "<group>";
		};
		CK0A00000000000000000007 /* WrapperApp */ = {
			isa = PBXGroup;
			children = (
				SG0000000000000000000004 /* Standalone */,
				221345E12F98BC6800CF734C /* MLX Models */,
				22D097FE2F9887BD0096E749 /* Credits.rtf */,
				221345E72F99948900CF734C /* VFX Toolbox.icon */,
				CK0200000000000000000015 /* CorridorKeyToolboxApp.swift */,
				CK0200000000000000000016 /* WelcomeView.swift */,
				CK020000000000000000002A /* MotionTemplateInstaller.swift */,
				CK0200000000000000000021 /* Info.plist */,
				CK0200000000000000000023 /* WrapperApp.entitlements */,
				CK0200000000000000000017 /* InfoPlist.strings */,
			);
			name = WrapperApp;
			sourceTree = "<group>";
		};
		CK0A00000000000000000008 /* Frameworks */ = {
			isa = PBXGroup;
			children = (
				SF0000000000000000000001 /* AVFoundation.framework */,
				SF0000000000000000000002 /* VideoToolbox.framework */,
				SF0000000000000000000003 /* Vision.framework */,
				SF0000000000000000000004 /* CoreMedia.framework */,
				SF0000000000000000000005 /* CoreVideo.framework */,
				CK0400000000000000000001 /* FxPlug.framework */,
				CK0400000000000000000009 /* PluginManager.framework */,
				CK0400000000000000000002 /* Cocoa.framework */,
				CK0400000000000000000003 /* Metal.framework */,
				CK0400000000000000000004 /* MetalKit.framework */,
				CK0400000000000000000005 /* MetalPerformanceShaders.framework */,
				CK0400000000000000000006 /* CoreImage.framework */,
				CK0400000000000000000008 /* Accelerate.framework */,
			);
			name = Frameworks;
			sourceTree = "<group>";
		};
		CK0A00000000000000000009 /* Products */ = {
			isa = PBXGroup;
			children = (
				CK0300000000000000000001 /* Corridor Key Toolbox.app */,
				CK0300000000000000000002 /* Corridor Key Toolbox Renderer.pluginkit */,
			
				WT0300000000000000000001 /* WrapperAppTests.xctest */,);
			name = Products;
			sourceTree = "<group>";
		};
		CK0A0000000000000000000A /* Inference */ = {
			isa = PBXGroup;
			children = (
				CK020000000000000000000F /* KeyingInferenceEngine.swift */,
				MX0100000000000000000003 /* MLXKeyingEngine.swift */,
				VH0200000000000000000001 /* VisionHintEngine.swift */,
				CK0200000000000000000076 /* SharedMLXBridgeRegistry.swift */,
				CK0200000000000000000012 /* InferenceCoordinator.swift */,
				CK0200000000000000000051 /* AnalysisData.swift */,
				CK0200000000000000000052 /* MatteCodec.swift */,
				DC0200000000000000000001 /* DeviceCapabilityCache.swift */,
			);
			name = Inference;
			sourceTree = "<group>";
		};
		CK0A0000000000000000000B /* Metal */ = {
			isa = PBXGroup;
			children = (
				CK020000000000000000000C /* MetalDeviceCache.swift */,
				CK0200000000000000000075 /* FxImageTilePixelFormat.swift */,
				CK0200000000000000000070 /* IntermediateTexturePool.swift */,
				CK0200000000000000000071 /* MatteRefiner.swift */,
				CK020000000000000000000D /* CorridorKeyShaders.metal */,
			);
			name = Metal;
			sourceTree = "<group>";
		};
		CK0A0000000000000000000C /* PostProcess */ = {
			isa = PBXGroup;
			children = (
				CK020000000000000000000E /* ScreenColorEstimator.swift */,
				CK0200000000000000000072 /* ColorGamutMatrix.swift */,
				CK0200000000000000000077 /* TemporalBlender.swift */,
			);
			name = PostProcess;
			sourceTree = "<group>";
		};
		CK0A0000000000000000000D /* Shared */ = {
			isa = PBXGroup;
			children = (
				CK0200000000000000000024 /* CorridorKeyShaderTypes.h */,
				CK0200000000000000000025 /* CorridorKeyToolbox-Bridging-Header.h */,
			);
			name = Shared;
			sourceTree = "<group>";
		};
		CK0A00000000000000000010 /* Configuration */ = {
			isa = PBXGroup;
			children = (
				CK0200000000000000000026 /* Shared.xcconfig */,
			);
			name = Configuration;
			sourceTree = "<group>";
		};
		CK0A00000000000000000020 /* Inspector */ = {
			isa = PBXGroup;
			children = (
				CK0200000000000000000060 /* CorridorKeyToolboxPlugIn+CustomViews.swift */,
				CK0200000000000000000061 /* CorridorKeyInspectorBridge.swift */,
				CK0200000000000000000062 /* CorridorKeyHeaderView.swift */,
				CK0200000000000000000063 /* CorridorKeyAnalysisSnapshot.swift */,
				CK0200000000000000000074 /* WarmupStatus.swift */,
				HP0200000000000000000001 /* HintPointSet.swift */,
				OS0200000000000000000001 /* CorridorKeyHintOSC.swift */,
			);
			name = Inspector;
			sourceTree = "<group>";
		};
		SG0000000000000000000001 /* Engine */ = {
			isa = PBXGroup;
			children = (
				SR0000000000000000000001 /* PixelBufferTextureBridge.swift */,
				SR0000000000000000000002 /* VideoSource.swift */,
				SR0000000000000000000003 /* StandaloneRenderEngine.swift */,
				SR0000000000000000000004 /* AnalysisRunner.swift */,
				SR0000000000000000000005 /* ProResExporter.swift */,
			);
			name = Engine;
			sourceTree = "<group>";
		};
		SG0000000000000000000002 /* Model */ = {
			isa = PBXGroup;
			children = (
				SR0000000000000000000006 /* ParameterRanges.swift */,
				SR0000000000000000000007 /* EditorViewModel.swift */,
			);
			name = Model;
			sourceTree = "<group>";
		};
		SG0000000000000000000003 /* Views */ = {
			isa = PBXGroup;
			children = (
				SR0000000000000000000008 /* MetalPreviewView.swift */,
				SR0000000000000000000009 /* InspectorView.swift */,
				SR000000000000000000000A /* TransportBar.swift */,
				SR000000000000000000000B /* ExportSheet.swift */,
				SR000000000000000000000C /* EditorView.swift */,
			);
			name = Views;
			sourceTree = "<group>";
		};
		SG0000000000000000000004 /* Standalone */ = {
			isa = PBXGroup;
			children = (
				SG0000000000000000000001 /* Engine */,
				SG0000000000000000000002 /* Model */,
				SG0000000000000000000003 /* Views */,
			);
			name = Standalone;
			sourceTree = "<group>";
		};
				WT0A00000000000000000001 /* WrapperAppTests */ = {
			isa = PBXGroup;
			children = (
				FT0300000000000000000001 /* FourFrameUserFlowTests.swift */,
				ER0000000000000000000001 /* RealClipFixture.swift */,
				ER0000000000000000000002 /* NikoDruidEndToEndTests.swift */,
				WR0000000000000000000002 /* SyntheticVideoFixture.swift */,
				WR0000000000000000000003 /* PixelBufferTextureBridgeTests.swift */,
				WR0000000000000000000004 /* VideoSourceTests.swift */,
				WR0000000000000000000005 /* StandaloneRenderEngineTests.swift */,
				WR0000000000000000000006 /* AnalysisAndExportTests.swift */,
				WR0000000000000000000007 /* EditorViewModelTests.swift */,
			);
			name = WrapperAppTests;
			sourceTree = "<group>";
		};
		/* End PBXGroup section */

/* Begin PBXNativeTarget section */
		CK0700000000000000000001 /* Corridor Key Toolbox */ = {
			isa = PBXNativeTarget;
			buildConfigurationList = CK0B00000000000000000001 /* Build configuration list for PBXNativeTarget "Corridor Key Toolbox" */;
			buildPhases = (
				CK0C00000000000000000001 /* Sources */,
				CK0900000000000000000001 /* Frameworks */,
				CK0D00000000000000000001 /* Resources */,
				CK0800000000000000000001 /* Embed PlugIns */,
			);
			buildRules = (
			);
			dependencies = (
				CK0E00000000000000000001 /* PBXTargetDependency */,
			);
			name = "Corridor Key Toolbox";
			productName = "Corridor Key Toolbox";
			packageProductDependencies = (
				SP0000000000000000000001 /* MLX */,
				SP0000000000000000000002 /* MLXNN */,
			);
			productReference = CK0300000000000000000001 /* Corridor Key Toolbox.app */;
			productType = "com.apple.product-type.application";
		};
		CK0700000000000000000002 /* Corridor Key Toolbox Renderer */ = {
			isa = PBXNativeTarget;
			buildConfigurationList = CK0B00000000000000000002 /* Build configuration list for PBXNativeTarget "Corridor Key Toolbox Renderer" */;
			buildPhases = (
				CK0C00000000000000000002 /* Sources */,
				CK0900000000000000000002 /* Frameworks */,
				CK0D00000000000000000002 /* Resources */,
				CK0800000000000000000002 /* Copy Frameworks */,
				CK0F00000000000000000001 /* Copy and Code Sign PluginManager.framework */,
			);
			buildRules = (
			);
			dependencies = (
			);
			name = "Corridor Key Toolbox Renderer";
			packageProductDependencies = (
				MX0400000000000000000001 /* MLX */,
				MX0400000000000000000002 /* MLXNN */,
			);
			productName = "Corridor Key Toolbox XPC";
			productReference = CK0300000000000000000002 /* Corridor Key Toolbox Renderer.pluginkit */;
			productType = "com.apple.product-type.bundle";
		};
		WT0700000000000000000001 /* WrapperAppTests */ = {
			isa = PBXNativeTarget;
			buildConfigurationList = WT0B00000000000000000001 /* Build configuration list for PBXNativeTarget "WrapperAppTests" */;
			buildPhases = (
				WT0C00000000000000000001 /* Sources */,
				WT0900000000000000000001 /* Frameworks */,
			);
			buildRules = (
			);
			dependencies = (
				WT0E00000000000000000001 /* PBXTargetDependency */,
			);
			name = WrapperAppTests;
			productName = WrapperAppTests;
			productReference = WT0300000000000000000001 /* WrapperAppTests.xctest */;
			productType = "com.apple.product-type.bundle.unit-test";
		};
/* End PBXNativeTarget section */

/* Begin PBXProject section */
		CK0600000000000000000001 /* Project object */ = {
			isa = PBXProject;
			attributes = {
				BuildIndependentTargetsInParallel = YES;
				LastSwiftUpdateCheck = 1600;
				LastUpgradeCheck = 2640;
				ORGANIZATIONNAME = "Corridor Digital";
				TargetAttributes = {
					CK0700000000000000000001 = {
						CreatedOnToolsVersion = 16.0;
					};
					CK0700000000000000000002 = {
						CreatedOnToolsVersion = 16.0;
					};
				};
			};
			buildConfigurationList = CK0B00000000000000000003 /* Build configuration list for PBXProject "CorridorKeyToolbox" */;
			compatibilityVersion = "Xcode 14.0";
			developmentRegion = en;
			hasScannedForEncodings = 0;
			knownRegions = (
				en,
				Base,
			);
			mainGroup = CK0A00000000000000000001;
			packageReferences = (
				MX0300000000000000000001 /* XCRemoteSwiftPackageReference "mlx-swift" */,
			);
			productRefGroup = CK0A00000000000000000009 /* Products */;
			projectDirPath = "";
			projectRoot = "";
			targets = (
				CK0700000000000000000001 /* Corridor Key Toolbox */,
				CK0700000000000000000002 /* Corridor Key Toolbox Renderer */,
				WT0700000000000000000001 /* WrapperAppTests */,
			);
		};
/* End PBXProject section */

/* Begin PBXResourcesBuildPhase section */
		CK0D00000000000000000001 /* Resources */ = {
			isa = PBXResourcesBuildPhase;
			buildActionMask = 2147483647;
			files = (
				22D097FF2F9887BD0096E749 /* Credits.rtf in Resources */,
				22D0980E2F988FB70096E749 /* Motion Template in Resources */,
				CK0100000000000000000017 /* InfoPlist.strings in Resources */,
				221345E82F99948900CF734C /* VFX Toolbox.icon in Resources */,
			);
			runOnlyForDeploymentPostprocessing = 0;
		};
		CK0D00000000000000000002 /* Resources */ = {
			isa = PBXResourcesBuildPhase;
			buildActionMask = 2147483647;
			files = (
				221345E22F98BC6800CF734C /* corridorkey_mlx_bridge_512.mlxfn in Resources */,
				221345E32F98BC6800CF734C /* corridorkey_mlx_bridge_1536.mlxfn in Resources */,
				221345E42F98BC6800CF734C /* corridorkey_mlx_bridge_768.mlxfn in Resources */,
				221345E52F98BC6800CF734C /* corridorkey_mlx_bridge_1024.mlxfn in Resources */,
				221345E62F98BC6800CF734C /* corridorkey_mlx_bridge_2048.mlxfn in Resources */,
				CK0100000000000000000014 /* InfoPlist.strings in Resources */,
			);
			runOnlyForDeploymentPostprocessing = 0;
		};
/* End PBXResourcesBuildPhase section */

/* Begin PBXShellScriptBuildPhase section */
		CK0F00000000000000000001 /* Copy and Code Sign PluginManager.framework */ = {
			isa = PBXShellScriptBuildPhase;
			alwaysOutOfDate = 1;
			buildActionMask = 2147483647;
			files = (
			);
			inputFileListPaths = (
			);
			inputPaths = (
			);
			name = "Copy and Code Sign PluginManager.framework";
			outputFileListPaths = (
			);
			outputPaths = (
			);
			runOnlyForDeploymentPostprocessing = 0;
			shellPath = /bin/sh;
			shellScript = "mkdir -p \"${TARGET_BUILD_DIR}/${FRAMEWORKS_FOLDER_PATH}\"\nrsync --archive --links --whole-file --no-owner --no-group --checksum --exclude='Headers' \"/Library/Developer/Frameworks/PluginManager.framework/\" \"${TARGET_BUILD_DIR}/${FRAMEWORKS_FOLDER_PATH}/PluginManager.framework/\"\nif [ \"$?\" -ne 0 ]; then echo \"error: rsync failed; couldn't embed PluginManager.framework\"; exit 1; fi\ncodesign --force --timestamp --options runtime --sign \"${CODE_SIGN_IDENTITY}\" \"${BUILT_PRODUCTS_DIR}/${FRAMEWORKS_FOLDER_PATH}/PluginManager.framework\"\n";
		};
/* End PBXShellScriptBuildPhase section */

/* Begin PBXSourcesBuildPhase section */
		CK0C00000000000000000001 /* Sources */ = {
			isa = PBXSourcesBuildPhase;
			buildActionMask = 2147483647;
			files = (
				OS0400000000000000000001 /* OnScreenControlOverlay.swift in Sources */,
				SB0000000000000000000001 /* PixelBufferTextureBridge.swift in Sources */,
				SB0000000000000000000002 /* VideoSource.swift in Sources */,
				SB0000000000000000000003 /* StandaloneRenderEngine.swift in Sources */,
				SB0000000000000000000004 /* AnalysisRunner.swift in Sources */,
				SB0000000000000000000005 /* ProResExporter.swift in Sources */,
				SB0000000000000000000006 /* ParameterRanges.swift in Sources */,
				SB0000000000000000000007 /* EditorViewModel.swift in Sources */,
				SB0000000000000000000008 /* MetalPreviewView.swift in Sources */,
				SB0000000000000000000009 /* InspectorView.swift in Sources */,
				SB000000000000000000000A /* TransportBar.swift in Sources */,
				SB000000000000000000000B /* ExportSheet.swift in Sources */,
				SB000000000000000000000C /* EditorView.swift in Sources */,
				SB000000000000000000000D /* RenderPipeline.swift in Sources */,
				SB000000000000000000000E /* RenderStages.swift in Sources */,
				SB000000000000000000000F /* MetalDeviceCache.swift in Sources */,
				SB0000000000000000000010 /* MatteRefiner.swift in Sources */,
				SB0000000000000000000011 /* IntermediateTexturePool.swift in Sources */,
				SB0000000000000000000012 /* CorridorKeyShaders.metal in Sources */,
				SB0000000000000000000013 /* AnalysisData.swift in Sources */,
				SB0000000000000000000014 /* SharedMLXBridgeRegistry.swift in Sources */,
				SB0000000000000000000015 /* MatteCodec.swift in Sources */,
				SB0000000000000000000016 /* KeyingInferenceEngine.swift in Sources */,
				SB0000000000000000000017 /* MLXKeyingEngine.swift in Sources */,
				SB0000000000000000000018 /* VisionHintEngine.swift in Sources */,
				SB0000000000000000000019 /* DeviceCapabilityCache.swift in Sources */,
				SB000000000000000000001A /* InferenceCoordinator.swift in Sources */,
				SB000000000000000000001B /* TemporalBlender.swift in Sources */,
				SB000000000000000000001C /* ScreenColorEstimator.swift in Sources */,
				SB000000000000000000001D /* ColorGamutMatrix.swift in Sources */,
				SB000000000000000000001E /* HintPointSet.swift in Sources */,
				SB000000000000000000001F /* WarmupStatus.swift in Sources */,
				SB0000000000000000000020 /* CorridorKeyAnalysisSnapshot.swift in Sources */,
				SB0000000000000000000021 /* ParameterEnumerations.swift in Sources */,
				SB0000000000000000000022 /* PluginStateData.swift in Sources */,
				SB0000000000000000000023 /* PluginLog.swift in Sources */,
				CK0100000000000000000015 /* CorridorKeyToolboxApp.swift in Sources */,
				CK0100000000000000000016 /* WelcomeView.swift in Sources */,
				CK010000000000000000002A /* MotionTemplateInstaller.swift in Sources */,
			);
			runOnlyForDeploymentPostprocessing = 0;
		};
		CK0C00000000000000000002 /* Sources */ = {
			isa = PBXSourcesBuildPhase;
			buildActionMask = 2147483647;
			files = (
				CK0100000000000000000001 /* main.swift in Sources */,
				CK0100000000000000000002 /* CorridorKeyToolboxPlugIn.swift in Sources */,
				CK0100000000000000000003 /* CorridorKeyToolboxPlugIn+Parameters.swift in Sources */,
				CK0100000000000000000004 /* CorridorKeyToolboxPlugIn+PluginState.swift in Sources */,
				CK0100000000000000000005 /* CorridorKeyToolboxPlugIn+Properties.swift in Sources */,
				CK0100000000000000000006 /* CorridorKeyToolboxPlugIn+RenderRects.swift in Sources */,
				CK0100000000000000000007 /* CorridorKeyToolboxPlugIn+Render.swift in Sources */,
				CK0100000000000000000009 /* ParameterIdentifiers.swift in Sources */,
				CK010000000000000000000A /* ParameterEnumerations.swift in Sources */,
				CK010000000000000000000B /* PluginStateData.swift in Sources */,
				CK010000000000000000000C /* MetalDeviceCache.swift in Sources */,
				CK010000000000000000000D /* CorridorKeyShaders.metal in Sources */,
				CK010000000000000000000E /* ScreenColorEstimator.swift in Sources */,
				CK010000000000000000000F /* KeyingInferenceEngine.swift in Sources */,
				MX0200000000000000000002 /* MLXKeyingEngine.swift in Sources */,
				VH0100000000000000000001 /* VisionHintEngine.swift in Sources */,
				DC0100000000000000000001 /* DeviceCapabilityCache.swift in Sources */,
				CK0100000000000000000012 /* InferenceCoordinator.swift in Sources */,
				CK0100000000000000000013 /* RenderPipeline.swift in Sources */,
				CK0100000000000000000040 /* PluginLog.swift in Sources */,
				CK0100000000000000000050 /* CorridorKeyToolboxPlugIn+FxAnalyzer.swift in Sources */,
				CK0100000000000000000051 /* AnalysisData.swift in Sources */,
				CK0100000000000000000052 /* MatteCodec.swift in Sources */,
				CK0100000000000000000060 /* CorridorKeyToolboxPlugIn+CustomViews.swift in Sources */,
				CK0100000000000000000061 /* CorridorKeyInspectorBridge.swift in Sources */,
				CK0100000000000000000062 /* CorridorKeyHeaderView.swift in Sources */,
				CK0100000000000000000063 /* CorridorKeyAnalysisSnapshot.swift in Sources */,
				HP0100000000000000000001 /* HintPointSet.swift in Sources */,
				OS0100000000000000000001 /* CorridorKeyHintOSC.swift in Sources */,
				CK0100000000000000000070 /* IntermediateTexturePool.swift in Sources */,
				CK0100000000000000000071 /* MatteRefiner.swift in Sources */,
				CK0100000000000000000072 /* ColorGamutMatrix.swift in Sources */,
				CK0100000000000000000073 /* RenderStages.swift in Sources */,
				CK0100000000000000000074 /* WarmupStatus.swift in Sources */,
				CK0100000000000000000075 /* FxImageTilePixelFormat.swift in Sources */,
				CK0100000000000000000076 /* SharedMLXBridgeRegistry.swift in Sources */,
				CK0100000000000000000077 /* TemporalBlender.swift in Sources */,
			);
			runOnlyForDeploymentPostprocessing = 0;
		};
		WT0C00000000000000000001 /* Sources */ = {
			isa = PBXSourcesBuildPhase;
			buildActionMask = 2147483647;
			files = (
				FT0400000000000000000001 /* FourFrameUserFlowTests.swift in Sources */,
				EB0000000000000000000001 /* RealClipFixture.swift in Sources */,
				EB0000000000000000000002 /* NikoDruidEndToEndTests.swift in Sources */,
				WB0000000000000000000002 /* SyntheticVideoFixture.swift in Sources */,
				WB0000000000000000000003 /* PixelBufferTextureBridgeTests.swift in Sources */,
				WB0000000000000000000004 /* VideoSourceTests.swift in Sources */,
				WB0000000000000000000005 /* StandaloneRenderEngineTests.swift in Sources */,
				WB0000000000000000000006 /* AnalysisAndExportTests.swift in Sources */,
				WB0000000000000000000007 /* EditorViewModelTests.swift in Sources */,
			);
			runOnlyForDeploymentPostprocessing = 0;
		};
/* End PBXSourcesBuildPhase section */

/* Begin PBXTargetDependency section */
		CK0E00000000000000000001 /* PBXTargetDependency */ = {
			isa = PBXTargetDependency;
			target = CK0700000000000000000002 /* Corridor Key Toolbox Renderer */;
			targetProxy = CK0500000000000000000001 /* PBXContainerItemProxy */;
		};
		WT0E00000000000000000001 /* PBXTargetDependency */ = {
			isa = PBXTargetDependency;
			target = CK0700000000000000000001 /* Corridor Key Toolbox */;
			targetProxy = WT0500000000000000000001 /* PBXContainerItemProxy */;
		};
/* End PBXTargetDependency section */

/* Begin PBXVariantGroup section */
		CK0200000000000000000014 /* InfoPlist.strings */ = {
			isa = PBXVariantGroup;
			children = (
				CK0200000000000000000030 /* en */,
			);
			name = InfoPlist.strings;
			sourceTree = "<group>";
		};
		CK0200000000000000000017 /* InfoPlist.strings */ = {
			isa = PBXVariantGroup;
			children = (
				CK0200000000000000000031 /* en */,
			);
			name = InfoPlist.strings;
			sourceTree = "<group>";
		};
/* End PBXVariantGroup section */

/* Begin XCBuildConfiguration section */
		CK1000000000000000000001 /* Debug */ = {
			isa = XCBuildConfiguration;
			baseConfigurationReference = CK0200000000000000000026 /* Shared.xcconfig */;
			buildSettings = {
				ASSETCATALOG_COMPILER_GENERATE_SWIFT_ASSET_SYMBOL_EXTENSIONS = YES;
				CLANG_ANALYZER_NONNULL = YES;
				CLANG_ENABLE_OBJC_WEAK = YES;
				CLANG_WARN_BLOCK_CAPTURE_AUTORELEASING = YES;
				CLANG_WARN_BOOL_CONVERSION = YES;
				CLANG_WARN_COMMA = YES;
				CLANG_WARN_CONSTANT_CONVERSION = YES;
				CLANG_WARN_DEPRECATED_OBJC_IMPLEMENTATIONS = YES;
				CLANG_WARN_DIRECT_OBJC_ISA_USAGE = YES_ERROR;
				CLANG_WARN_DOCUMENTATION_COMMENTS = YES;
				CLANG_WARN_EMPTY_BODY = YES;
				CLANG_WARN_ENUM_CONVERSION = YES;
				CLANG_WARN_INFINITE_RECURSION = YES;
				CLANG_WARN_INT_CONVERSION = YES;
				CLANG_WARN_NON_LITERAL_NULL_CONVERSION = YES;
				CLANG_WARN_OBJC_IMPLICIT_RETAIN_SELF = YES;
				CLANG_WARN_OBJC_LITERAL_CONVERSION = YES;
				CLANG_WARN_OBJC_ROOT_CLASS = YES_ERROR;
				CLANG_WARN_QUOTED_INCLUDE_IN_FRAMEWORK_HEADER = YES;
				CLANG_WARN_RANGE_LOOP_ANALYSIS = YES;
				CLANG_WARN_STRICT_PROTOTYPES = YES;
				CLANG_WARN_SUSPICIOUS_MOVE = YES;
				CLANG_WARN_UNREACHABLE_CODE = YES;
				CLANG_WARN__DUPLICATE_METHOD_MATCH = YES;
				COPY_PHASE_STRIP = NO;
				DEAD_CODE_STRIPPING = YES;
				DEBUG_INFORMATION_FORMAT = dwarf;
				DEVELOPMENT_TEAM = A5HDJTY9X5;
				ENABLE_STRICT_OBJC_MSGSEND = YES;
				ENABLE_TESTABILITY = YES;
				ENABLE_USER_SCRIPT_SANDBOXING = YES;
				GCC_C_LANGUAGE_STANDARD = gnu17;
				GCC_DYNAMIC_NO_PIC = NO;
				GCC_NO_COMMON_BLOCKS = YES;
				GCC_OPTIMIZATION_LEVEL = 0;
				GCC_PREPROCESSOR_DEFINITIONS = (
					"DEBUG=1",
					"$(inherited)",
				);
				GCC_WARN_64_TO_32_BIT_CONVERSION = YES;
				GCC_WARN_ABOUT_RETURN_TYPE = YES_ERROR;
				GCC_WARN_UNDECLARED_SELECTOR = YES;
				GCC_WARN_UNINITIALIZED_AUTOS = YES_AGGRESSIVE;
				GCC_WARN_UNUSED_FUNCTION = YES;
				GCC_WARN_UNUSED_VARIABLE = YES;
				MTL_ENABLE_DEBUG_INFO = INCLUDE_SOURCE;
				MTL_FAST_MATH = YES;
				ONLY_ACTIVE_ARCH = YES;
				STRING_CATALOG_GENERATE_SYMBOLS = YES;
				SWIFT_ACTIVE_COMPILATION_CONDITIONS = DEBUG;
				SWIFT_OPTIMIZATION_LEVEL = "-Onone";
			};
			name = Debug;
		};
		CK1000000000000000000002 /* Release */ = {
			isa = XCBuildConfiguration;
			baseConfigurationReference = CK0200000000000000000026 /* Shared.xcconfig */;
			buildSettings = {
				ASSETCATALOG_COMPILER_GENERATE_SWIFT_ASSET_SYMBOL_EXTENSIONS = YES;
				CLANG_ANALYZER_NONNULL = YES;
				CLANG_ENABLE_OBJC_WEAK = YES;
				CLANG_WARN_BLOCK_CAPTURE_AUTORELEASING = YES;
				CLANG_WARN_BOOL_CONVERSION = YES;
				CLANG_WARN_COMMA = YES;
				CLANG_WARN_CONSTANT_CONVERSION = YES;
				CLANG_WARN_DEPRECATED_OBJC_IMPLEMENTATIONS = YES;
				CLANG_WARN_DIRECT_OBJC_ISA_USAGE = YES_ERROR;
				CLANG_WARN_DOCUMENTATION_COMMENTS = YES;
				CLANG_WARN_EMPTY_BODY = YES;
				CLANG_WARN_ENUM_CONVERSION = YES;
				CLANG_WARN_INFINITE_RECURSION = YES;
				CLANG_WARN_INT_CONVERSION = YES;
				CLANG_WARN_NON_LITERAL_NULL_CONVERSION = YES;
				CLANG_WARN_OBJC_IMPLICIT_RETAIN_SELF = YES;
				CLANG_WARN_OBJC_LITERAL_CONVERSION = YES;
				CLANG_WARN_OBJC_ROOT_CLASS = YES_ERROR;
				CLANG_WARN_QUOTED_INCLUDE_IN_FRAMEWORK_HEADER = YES;
				CLANG_WARN_RANGE_LOOP_ANALYSIS = YES;
				CLANG_WARN_STRICT_PROTOTYPES = YES;
				CLANG_WARN_SUSPICIOUS_MOVE = YES;
				CLANG_WARN_UNREACHABLE_CODE = YES;
				CLANG_WARN__DUPLICATE_METHOD_MATCH = YES;
				COPY_PHASE_STRIP = NO;
				DEAD_CODE_STRIPPING = YES;
				DEBUG_INFORMATION_FORMAT = "dwarf-with-dsym";
				DEVELOPMENT_TEAM = A5HDJTY9X5;
				ENABLE_NS_ASSERTIONS = NO;
				ENABLE_STRICT_OBJC_MSGSEND = YES;
				ENABLE_USER_SCRIPT_SANDBOXING = YES;
				GCC_C_LANGUAGE_STANDARD = gnu17;
				GCC_NO_COMMON_BLOCKS = YES;
				GCC_WARN_64_TO_32_BIT_CONVERSION = YES;
				GCC_WARN_ABOUT_RETURN_TYPE = YES_ERROR;
				GCC_WARN_UNDECLARED_SELECTOR = YES;
				GCC_WARN_UNINITIALIZED_AUTOS = YES_AGGRESSIVE;
				GCC_WARN_UNUSED_FUNCTION = YES;
				GCC_WARN_UNUSED_VARIABLE = YES;
				MTL_ENABLE_DEBUG_INFO = NO;
				MTL_FAST_MATH = YES;
				STRING_CATALOG_GENERATE_SYMBOLS = YES;
				SWIFT_COMPILATION_MODE = wholemodule;
				SWIFT_OPTIMIZATION_LEVEL = "-O";
			};
			name = Release;
		};
		CK1000000000000000000003 /* Debug */ = {
			isa = XCBuildConfiguration;
			baseConfigurationReference = CK0200000000000000000026 /* Shared.xcconfig */;
			buildSettings = {
				MTL_HEADER_SEARCH_PATHS = "$(SRCROOT)/CorridorKeyToolbox/Plugin/Shared";
				HEADER_SEARCH_PATHS = "$(SRCROOT)/CorridorKeyToolbox/Plugin/Shared";
				SWIFT_OBJC_BRIDGING_HEADER = "CorridorKeyToolbox/WrapperApp/WrapperApp-Bridging-Header.h";
				CLANG_ENABLE_MODULES = YES;
				ALWAYS_SEARCH_USER_PATHS = NO;
				ASSETCATALOG_COMPILER_APPICON_NAME = "VFX Toolbox";
				CODE_SIGN_ENTITLEMENTS = CorridorKeyToolbox/WrapperApp/WrapperApp.entitlements;
				DEAD_CODE_STRIPPING = YES;
				ENABLE_APP_SANDBOX = YES;
				ENABLE_FILE_ACCESS_MOVIES_FOLDER = readwrite;
				ENABLE_HARDENED_RUNTIME = YES;
				ENABLE_INCOMING_NETWORK_CONNECTIONS = NO;
				ENABLE_OUTGOING_NETWORK_CONNECTIONS = NO;
				ENABLE_RESOURCE_ACCESS_AUDIO_INPUT = NO;
				ENABLE_RESOURCE_ACCESS_BLUETOOTH = NO;
				ENABLE_RESOURCE_ACCESS_CALENDARS = NO;
				ENABLE_RESOURCE_ACCESS_CAMERA = NO;
				ENABLE_RESOURCE_ACCESS_CONTACTS = NO;
				ENABLE_RESOURCE_ACCESS_LOCATION = NO;
				ENABLE_RESOURCE_ACCESS_PRINTING = NO;
				ENABLE_RESOURCE_ACCESS_USB = NO;
				GENERATE_INFOPLIST_FILE = NO;
				INFOPLIST_FILE = CorridorKeyToolbox/WrapperApp/Info.plist;
				INFOPLIST_KEY_CFBundleDisplayName = "Corridor Key Toolbox";
				INFOPLIST_KEY_LSApplicationCategoryType = "public.app-category.video";
				LD_RUNPATH_SEARCH_PATHS = "@executable_path/../Frameworks";
				PRODUCT_BUNDLE_IDENTIFIER = com.latenitefilms.CorridorKeyToolbox;
				PRODUCT_MODULE_NAME = CorridorKeyToolboxApp;
				PRODUCT_NAME = "Corridor Key Toolbox";
				PROVISIONING_PROFILE_SPECIFIER = "";
			};
			name = Debug;
		};
		CK1000000000000000000004 /* Release */ = {
			isa = XCBuildConfiguration;
			baseConfigurationReference = CK0200000000000000000026 /* Shared.xcconfig */;
			buildSettings = {
				MTL_HEADER_SEARCH_PATHS = "$(SRCROOT)/CorridorKeyToolbox/Plugin/Shared";
				HEADER_SEARCH_PATHS = "$(SRCROOT)/CorridorKeyToolbox/Plugin/Shared";
				SWIFT_OBJC_BRIDGING_HEADER = "CorridorKeyToolbox/WrapperApp/WrapperApp-Bridging-Header.h";
				CLANG_ENABLE_MODULES = YES;
				ALWAYS_SEARCH_USER_PATHS = NO;
				ASSETCATALOG_COMPILER_APPICON_NAME = "VFX Toolbox";
				CODE_SIGN_ENTITLEMENTS = CorridorKeyToolbox/WrapperApp/WrapperApp.entitlements;
				DEAD_CODE_STRIPPING = YES;
				ENABLE_APP_SANDBOX = YES;
				ENABLE_FILE_ACCESS_MOVIES_FOLDER = readwrite;
				ENABLE_HARDENED_RUNTIME = YES;
				ENABLE_INCOMING_NETWORK_CONNECTIONS = NO;
				ENABLE_OUTGOING_NETWORK_CONNECTIONS = NO;
				ENABLE_RESOURCE_ACCESS_AUDIO_INPUT = NO;
				ENABLE_RESOURCE_ACCESS_BLUETOOTH = NO;
				ENABLE_RESOURCE_ACCESS_CALENDARS = NO;
				ENABLE_RESOURCE_ACCESS_CAMERA = NO;
				ENABLE_RESOURCE_ACCESS_CONTACTS = NO;
				ENABLE_RESOURCE_ACCESS_LOCATION = NO;
				ENABLE_RESOURCE_ACCESS_PRINTING = NO;
				ENABLE_RESOURCE_ACCESS_USB = NO;
				GENERATE_INFOPLIST_FILE = NO;
				INFOPLIST_FILE = CorridorKeyToolbox/WrapperApp/Info.plist;
				INFOPLIST_KEY_CFBundleDisplayName = "Corridor Key Toolbox";
				INFOPLIST_KEY_LSApplicationCategoryType = "public.app-category.video";
				LD_RUNPATH_SEARCH_PATHS = "@executable_path/../Frameworks";
				PRODUCT_BUNDLE_IDENTIFIER = com.latenitefilms.CorridorKeyToolbox;
				PRODUCT_MODULE_NAME = CorridorKeyToolboxApp;
				PRODUCT_NAME = "Corridor Key Toolbox";
				PROVISIONING_PROFILE_SPECIFIER = "";
			};
			name = Release;
		};
		CK1000000000000000000005 /* Debug */ = {
			isa = XCBuildConfiguration;
			baseConfigurationReference = CK0200000000000000000026 /* Shared.xcconfig */;
			buildSettings = {
				ALWAYS_SEARCH_USER_PATHS = NO;
				CLANG_ENABLE_MODULES = YES;
				CODE_SIGN_ENTITLEMENTS = CorridorKeyToolbox/Plugin/CorridorKeyToolbox.entitlements;
				DEAD_CODE_STRIPPING = YES;
				ENABLE_USER_SCRIPT_SANDBOXING = NO;
				GENERATE_INFOPLIST_FILE = NO;
				HEADER_SEARCH_PATHS = "$(SRCROOT)/CorridorKeyToolbox/Plugin/Shared";
				INFOPLIST_FILE = CorridorKeyToolbox/Plugin/Info.plist;
				INFOPLIST_KEY_CFBundleDisplayName = "Corridor Key Toolbox Renderer";
				LD_RUNPATH_SEARCH_PATHS = "@loader_path/../Frameworks";
				MACH_O_TYPE = mh_execute;
				MTL_HEADER_SEARCH_PATHS = "$(SRCROOT)/CorridorKeyToolbox/Plugin/Shared";
				PRODUCT_BUNDLE_IDENTIFIER = com.latenitefilms.CorridorKeyToolbox.Renderer;
				PRODUCT_MODULE_NAME = CorridorKeyToolboxRenderer;
				PRODUCT_NAME = "Corridor Key Toolbox Renderer";
				PROVISIONING_PROFILE_SPECIFIER = "";
				SWIFT_ACTIVE_COMPILATION_CONDITIONS = FXPLUG_HOST;
				SWIFT_OBJC_BRIDGING_HEADER = "CorridorKeyToolbox/Plugin/Shared/CorridorKeyToolbox-Bridging-Header.h";
				WRAPPER_EXTENSION = pluginkit;
			};
			name = Debug;
		};
		CK1000000000000000000006 /* Release */ = {
			isa = XCBuildConfiguration;
			baseConfigurationReference = CK0200000000000000000026 /* Shared.xcconfig */;
			buildSettings = {
				ALWAYS_SEARCH_USER_PATHS = NO;
				CLANG_ENABLE_MODULES = YES;
				CODE_SIGN_ENTITLEMENTS = CorridorKeyToolbox/Plugin/CorridorKeyToolbox.entitlements;
				DEAD_CODE_STRIPPING = YES;
				ENABLE_USER_SCRIPT_SANDBOXING = NO;
				GENERATE_INFOPLIST_FILE = NO;
				HEADER_SEARCH_PATHS = "$(SRCROOT)/CorridorKeyToolbox/Plugin/Shared";
				INFOPLIST_FILE = CorridorKeyToolbox/Plugin/Info.plist;
				INFOPLIST_KEY_CFBundleDisplayName = "Corridor Key Toolbox Renderer";
				LD_RUNPATH_SEARCH_PATHS = "@loader_path/../Frameworks";
				MACH_O_TYPE = mh_execute;
				MTL_HEADER_SEARCH_PATHS = "$(SRCROOT)/CorridorKeyToolbox/Plugin/Shared";
				PRODUCT_BUNDLE_IDENTIFIER = com.latenitefilms.CorridorKeyToolbox.Renderer;
				PRODUCT_MODULE_NAME = CorridorKeyToolboxRenderer;
				PRODUCT_NAME = "Corridor Key Toolbox Renderer";
				PROVISIONING_PROFILE_SPECIFIER = "";
				SWIFT_ACTIVE_COMPILATION_CONDITIONS = FXPLUG_HOST;
				SWIFT_OBJC_BRIDGING_HEADER = "CorridorKeyToolbox/Plugin/Shared/CorridorKeyToolbox-Bridging-Header.h";
				WRAPPER_EXTENSION = pluginkit;
			};
			name = Release;
		};
		WT1000000000000000000001 /* Debug */ = {
			isa = XCBuildConfiguration;
			baseConfigurationReference = CK0200000000000000000026 /* Shared.xcconfig */;
			buildSettings = {
				BUNDLE_LOADER = "$(TEST_HOST)";
				CLANG_ENABLE_MODULES = YES;
				CODE_SIGN_STYLE = Automatic;
				DEVELOPMENT_TEAM = A5HDJTY9X5;
				ENABLE_USER_SCRIPT_SANDBOXING = NO;
				GENERATE_INFOPLIST_FILE = YES;
				PRODUCT_BUNDLE_IDENTIFIER = com.latenitefilms.CorridorKeyToolbox.WrapperAppTests;
				PRODUCT_NAME = WrapperAppTests;
				SWIFT_VERSION = 6.0;
				TEST_HOST = "$(BUILT_PRODUCTS_DIR)/Corridor Key Toolbox.app/Contents/MacOS/Corridor Key Toolbox";
			};
			name = Debug;
		};
		WT1000000000000000000002 /* Release */ = {
			isa = XCBuildConfiguration;
			baseConfigurationReference = CK0200000000000000000026 /* Shared.xcconfig */;
			buildSettings = {
				BUNDLE_LOADER = "$(TEST_HOST)";
				CLANG_ENABLE_MODULES = YES;
				CODE_SIGN_STYLE = Automatic;
				DEVELOPMENT_TEAM = A5HDJTY9X5;
				ENABLE_USER_SCRIPT_SANDBOXING = NO;
				GENERATE_INFOPLIST_FILE = YES;
				PRODUCT_BUNDLE_IDENTIFIER = com.latenitefilms.CorridorKeyToolbox.WrapperAppTests;
				PRODUCT_NAME = WrapperAppTests;
				SWIFT_VERSION = 6.0;
				TEST_HOST = "$(BUILT_PRODUCTS_DIR)/Corridor Key Toolbox.app/Contents/MacOS/Corridor Key Toolbox";
			};
			name = Release;
		};
/* End XCBuildConfiguration section */

/* Begin XCConfigurationList section */
		CK0B00000000000000000001 /* Build configuration list for PBXNativeTarget "Corridor Key Toolbox" */ = {
			isa = XCConfigurationList;
			buildConfigurations = (
				CK1000000000000000000003 /* Debug */,
				CK1000000000000000000004 /* Release */,
			);
			defaultConfigurationIsVisible = 0;
			defaultConfigurationName = Release;
		};
		CK0B00000000000000000002 /* Build configuration list for PBXNativeTarget "Corridor Key Toolbox Renderer" */ = {
			isa = XCConfigurationList;
			buildConfigurations = (
				CK1000000000000000000005 /* Debug */,
				CK1000000000000000000006 /* Release */,
			);
			defaultConfigurationIsVisible = 0;
			defaultConfigurationName = Release;
		};
		CK0B00000000000000000003 /* Build configuration list for PBXProject "CorridorKeyToolbox" */ = {
			isa = XCConfigurationList;
			buildConfigurations = (
				CK1000000000000000000001 /* Debug */,
				CK1000000000000000000002 /* Release */,
			);
			defaultConfigurationIsVisible = 0;
			defaultConfigurationName = Release;
		};
		WT0B00000000000000000001 /* Build configuration list for PBXNativeTarget "WrapperAppTests" */ = {
			isa = XCConfigurationList;
			buildConfigurations = (
				WT1000000000000000000001 /* Debug */,
				WT1000000000000000000002 /* Release */,
			);
			defaultConfigurationIsVisible = 0;
			defaultConfigurationName = Release;
		};
/* End XCConfigurationList section */

/* Begin XCRemoteSwiftPackageReference section */
		MX0300000000000000000001 /* XCRemoteSwiftPackageReference "mlx-swift" */ = {
			isa = XCRemoteSwiftPackageReference;
			repositoryURL = "https://github.com/ml-explore/mlx-swift.git";
			requirement = {
				kind = exactVersion;
				version = 0.31.3;
			};
		};
/* End XCRemoteSwiftPackageReference section */

/* Begin XCSwiftPackageProductDependency section */
		MX0400000000000000000001 /* MLX */ = {
			isa = XCSwiftPackageProductDependency;
			package = MX0300000000000000000001 /* XCRemoteSwiftPackageReference "mlx-swift" */;
			productName = MLX;
		};
		MX0400000000000000000002 /* MLXNN */ = {
			isa = XCSwiftPackageProductDependency;
			package = MX0300000000000000000001 /* XCRemoteSwiftPackageReference "mlx-swift" */;
			productName = MLXNN;
		};
		SP0000000000000000000001 /* MLX */ = {
			isa = XCSwiftPackageProductDependency;
			package = MX0300000000000000000001 /* XCRemoteSwiftPackageReference "mlx-swift" */;
			productName = MLX;
		};
		SP0000000000000000000002 /* MLXNN */ = {
			isa = XCSwiftPackageProductDependency;
			package = MX0300000000000000000001 /* XCRemoteSwiftPackageReference "mlx-swift" */;
			productName = MLXNN;
		};
		/* End XCSwiftPackageProductDependency section */
	};
	rootObject = CK0600000000000000000001 /* Project object */;
}
